// !$*UTF8*$!
{
	archiveVersion = 1;
	classes = {
	};
	objectVersion = 46;
	objects = {

/* Begin PBXBuildFile section */
		50B326A492216C4898A3937D /* Pods_SyncKitCoreDataExampleTests.framework in Frameworks */ = {isa = PBXBuildFile; fileRef = CFCF74E6DD999D9D4B6FCFC5 /* Pods_SyncKitCoreDataExampleTests.framework */; };
		6003F58E195388D20070C39A /* Foundation.framework in Frameworks */ = {isa = PBXBuildFile; fileRef = 6003F58D195388D20070C39A /* Foundation.framework */; };
		6003F590195388D20070C39A /* CoreGraphics.framework in Frameworks */ = {isa = PBXBuildFile; fileRef = 6003F58F195388D20070C39A /* CoreGraphics.framework */; };
		6003F592195388D20070C39A /* UIKit.framework in Frameworks */ = {isa = PBXBuildFile; fileRef = 6003F591195388D20070C39A /* UIKit.framework */; };
		6003F598195388D20070C39A /* InfoPlist.strings in Resources */ = {isa = PBXBuildFile; fileRef = 6003F596195388D20070C39A /* InfoPlist.strings */; };
		6003F5A9195388D20070C39A /* Images.xcassets in Resources */ = {isa = PBXBuildFile; fileRef = 6003F5A8195388D20070C39A /* Images.xcassets */; };
		64000CA11D451E07006ACD20 /* CoreData.framework in Frameworks */ = {isa = PBXBuildFile; fileRef = 64000CA01D451E07006ACD20 /* CoreData.framework */; };
		641F76DE1ED3EBDA00107A88 /* QSCloudKitSynchronizerTests.m in Sources */ = {isa = PBXBuildFile; fileRef = 64000CA41D451F5A006ACD20 /* QSCloudKitSynchronizerTests.m */; };
		641F76DF1ED3EBDC00107A88 /* QSCoreDataAdapterTests.m in Sources */ = {isa = PBXBuildFile; fileRef = 644B202D1D480F1700C131CD /* QSCoreDataAdapterTests.m */; };
		64377B0A1ED6D391003FB86F /* QSMockModelAdapter.m in Sources */ = {isa = PBXBuildFile; fileRef = 64000CA61D451F5A006ACD20 /* QSMockModelAdapter.m */; };
		64377B0B1ED6D394003FB86F /* QSMockDatabase.m in Sources */ = {isa = PBXBuildFile; fileRef = 64000CA81D451F5A006ACD20 /* QSMockDatabase.m */; };
		64377B0C1ED6D397003FB86F /* QSObject.m in Sources */ = {isa = PBXBuildFile; fileRef = 64000CAA1D451F5A006ACD20 /* QSObject.m */; };
		64488A561F3BA38600755D8E /* QSCompany.1739C6A5-C07E-48A5-B83E-AB07694F23DF in Resources */ = {isa = PBXBuildFile; fileRef = 64488A541F3BA2C000755D8E /* QSCompany.1739C6A5-C07E-48A5-B83E-AB07694F23DF */; };
		644F4D1220A5E248008D065E /* QSQSDefaultCoreDataAdapterDelegateTests.m in Sources */ = {isa = PBXBuildFile; fileRef = 644F4D1120A5E248008D065E /* QSQSDefaultCoreDataAdapterDelegateTests.m */; };
		644F4D1520A5E33C008D065E /* QSMockManagedObjectContext.m in Sources */ = {isa = PBXBuildFile; fileRef = 644F4D1420A5E33C008D065E /* QSMockManagedObjectContext.m */; };
		644F4D1820A5E46A008D065E /* QSMockCoreDataAdapter.m in Sources */ = {isa = PBXBuildFile; fileRef = 644F4D1720A5E46A008D065E /* QSMockCoreDataAdapter.m */; };
		644F4D1A20A5ED4F008D065E /* QSDefaultCoreDataStackProviderTests.m in Sources */ = {isa = PBXBuildFile; fileRef = 644F4D1920A5ED4F008D065E /* QSDefaultCoreDataStackProviderTests.m */; };
		645889AF20D3B38F00DF2018 /* QSFetchDatabaseChangesOperationTests.m in Sources */ = {isa = PBXBuildFile; fileRef = 645889AE20D3B38F00DF2018 /* QSFetchDatabaseChangesOperationTests.m */; };
		645889B120D3C71200DF2018 /* QSFetchZoneChangesOperationTests.m in Sources */ = {isa = PBXBuildFile; fileRef = 645889B020D3C71200DF2018 /* QSFetchZoneChangesOperationTests.m */; };
		64611C2020A45D0800F671B4 /* CloudKit.framework in Frameworks */ = {isa = PBXBuildFile; fileRef = 64611C1F20A45D0800F671B4 /* CloudKit.framework */; };
		64611C2320A45E3E00F671B4 /* QSMockAdapterProvider.m in Sources */ = {isa = PBXBuildFile; fileRef = 64611C2220A45E3E00F671B4 /* QSMockAdapterProvider.m */; };
		648869C120B45F9500194BA7 /* QSExample.xcdatamodeld in Sources */ = {isa = PBXBuildFile; fileRef = 64E92B2720A7622F00AABA19 /* QSExample.xcdatamodeld */; };
		64B13A8D20C9763000FCB834 /* QSCloudKitSynchronizerOperationTests.swift in Sources */ = {isa = PBXBuildFile; fileRef = 64B13A8C20C9763000FCB834 /* QSCloudKitSynchronizerOperationTests.swift */; };
		64B13A9220C984C200FCB834 /* serverChangeToken.AQAAAWPa1DUC in Resources */ = {isa = PBXBuildFile; fileRef = 64B13A9120C984C200FCB834 /* serverChangeToken.AQAAAWPa1DUC */; };
		64DFFAB11FED35F90072B8C3 /* QSMockKeyValueStore.m in Sources */ = {isa = PBXBuildFile; fileRef = 64DFFAB01FED35F90072B8C3 /* QSMockKeyValueStore.m */; };
		64E92B2920A7622F00AABA19 /* QSExample.xcdatamodeld in Sources */ = {isa = PBXBuildFile; fileRef = 64E92B2720A7622F00AABA19 /* QSExample.xcdatamodeld */; };
		64F9C4B320E1135F004C524B /* Launch.storyboard in Resources */ = {isa = PBXBuildFile; fileRef = 64F9C4B220E1135F004C524B /* Launch.storyboard */; };
		6C901FC6210D02C2004154FE /* QSCompany.swift in Sources */ = {isa = PBXBuildFile; fileRef = 6C901FC5210D02C2004154FE /* QSCompany.swift */; };
		6CA1AC67210D046A0058F7F2 /* QSCompany+CoreDataProperties.swift in Sources */ = {isa = PBXBuildFile; fileRef = 6CA1AC66210D046A0058F7F2 /* QSCompany+CoreDataProperties.swift */; };
		6CA1AC69210D04B80058F7F2 /* QSEmployee.swift in Sources */ = {isa = PBXBuildFile; fileRef = 6CA1AC68210D04B80058F7F2 /* QSEmployee.swift */; };
		6CA1AC6B210D04DA0058F7F2 /* QSEmployee+CoreDataProperties.swift in Sources */ = {isa = PBXBuildFile; fileRef = 6CA1AC6A210D04DA0058F7F2 /* QSEmployee+CoreDataProperties.swift */; };
		6CA1AC71210D05D80058F7F2 /* QSSharedCompanySwiftTableViewController.swift in Sources */ = {isa = PBXBuildFile; fileRef = 6CA1AC6C210D05D80058F7F2 /* QSSharedCompanySwiftTableViewController.swift */; };
		6CA1AC72210D05D80058F7F2 /* QSCompanyTableViewController.swift in Sources */ = {isa = PBXBuildFile; fileRef = 6CA1AC6D210D05D80058F7F2 /* QSCompanyTableViewController.swift */; };
		6CA1AC73210D05D80058F7F2 /* QSCompanyTableViewCell.swift in Sources */ = {isa = PBXBuildFile; fileRef = 6CA1AC6E210D05D80058F7F2 /* QSCompanyTableViewCell.swift */; };
		6CA1AC74210D05D80058F7F2 /* QSSettingsTableViewController.swift in Sources */ = {isa = PBXBuildFile; fileRef = 6CA1AC6F210D05D80058F7F2 /* QSSettingsTableViewController.swift */; };
		6CA1AC75210D05D80058F7F2 /* QSEmployeeTableViewController.swift in Sources */ = {isa = PBXBuildFile; fileRef = 6CA1AC70210D05D80058F7F2 /* QSEmployeeTableViewController.swift */; };
		6CA1AC79210D10890058F7F2 /* QSAppDelegate.swift in Sources */ = {isa = PBXBuildFile; fileRef = 6CA1AC76210D061A0058F7F2 /* QSAppDelegate.swift */; };
		6D9FA33A532397E8B587238A /* Pods_SyncKitCoreDataExample.framework in Frameworks */ = {isa = PBXBuildFile; fileRef = 4EDB74EC733B7C608C0E05C8 /* Pods_SyncKitCoreDataExample.framework */; };
		873B8AEB1B1F5CCA007FD442 /* Main.storyboard in Resources */ = {isa = PBXBuildFile; fileRef = 873B8AEA1B1F5CCA007FD442 /* Main.storyboard */; };
/* End PBXBuildFile section */

/* Begin PBXContainerItemProxy section */
		641F76D91ED3EBBE00107A88 /* PBXContainerItemProxy */ = {
			isa = PBXContainerItemProxy;
			containerPortal = 6003F582195388D10070C39A /* Project object */;
			proxyType = 1;
			remoteGlobalIDString = 6003F589195388D20070C39A;
			remoteInfo = SyncKitCoreDataExample;
		};
/* End PBXContainerItemProxy section */

/* Begin PBXFileReference section */
		0480DE43AF84354D4F90FA9B /* Pods-SyncKit_Example.debug.xcconfig */ = {isa = PBXFileReference; includeInIndex = 1; lastKnownFileType = text.xcconfig; name = "Pods-SyncKit_Example.debug.xcconfig"; path = "Pods/Target Support Files/Pods-SyncKit_Example/Pods-SyncKit_Example.debug.xcconfig"; sourceTree = "<group>"; };
		3BE629B3911A529DE14DA4FB /* libPods-SyncKit_Tests.a */ = {isa = PBXFileReference; explicitFileType = archive.ar; includeInIndex = 0; path = "libPods-SyncKit_Tests.a"; sourceTree = BUILT_PRODUCTS_DIR; };
		43D2A2CE729030C0F251F11D /* README.md */ = {isa = PBXFileReference; includeInIndex = 1; lastKnownFileType = net.daringfireball.markdown; name = README.md; path = ../README.md; sourceTree = "<group>"; };
		4511397F66387F7580C8AC9C /* SyncKit.podspec */ = {isa = PBXFileReference; includeInIndex = 1; lastKnownFileType = text; name = SyncKit.podspec; path = ../SyncKit.podspec; sourceTree = "<group>"; };
		4EDB74EC733B7C608C0E05C8 /* Pods_SyncKitCoreDataExample.framework */ = {isa = PBXFileReference; explicitFileType = wrapper.framework; includeInIndex = 0; path = Pods_SyncKitCoreDataExample.framework; sourceTree = BUILT_PRODUCTS_DIR; };
		6003F58A195388D20070C39A /* SyncKitCoreDataExample.app */ = {isa = PBXFileReference; explicitFileType = wrapper.application; includeInIndex = 0; path = SyncKitCoreDataExample.app; sourceTree = BUILT_PRODUCTS_DIR; };
		6003F58D195388D20070C39A /* Foundation.framework */ = {isa = PBXFileReference; lastKnownFileType = wrapper.framework; name = Foundation.framework; path = System/Library/Frameworks/Foundation.framework; sourceTree = SDKROOT; };
		6003F58F195388D20070C39A /* CoreGraphics.framework */ = {isa = PBXFileReference; lastKnownFileType = wrapper.framework; name = CoreGraphics.framework; path = System/Library/Frameworks/CoreGraphics.framework; sourceTree = SDKROOT; };
		6003F591195388D20070C39A /* UIKit.framework */ = {isa = PBXFileReference; lastKnownFileType = wrapper.framework; name = UIKit.framework; path = System/Library/Frameworks/UIKit.framework; sourceTree = SDKROOT; };
		6003F595195388D20070C39A /* SyncKitCoreDataExample-Info.plist */ = {isa = PBXFileReference; lastKnownFileType = text.plist.xml; path = "SyncKitCoreDataExample-Info.plist"; sourceTree = "<group>"; };
		6003F597195388D20070C39A /* en */ = {isa = PBXFileReference; lastKnownFileType = text.plist.strings; name = en; path = en.lproj/InfoPlist.strings; sourceTree = "<group>"; };
		6003F5A8195388D20070C39A /* Images.xcassets */ = {isa = PBXFileReference; lastKnownFileType = folder.assetcatalog; path = Images.xcassets; sourceTree = "<group>"; };
		6003F5AF195388D20070C39A /* XCTest.framework */ = {isa = PBXFileReference; lastKnownFileType = wrapper.framework; name = XCTest.framework; path = Library/Frameworks/XCTest.framework; sourceTree = DEVELOPER_DIR; };
		6003F5B7195388D20070C39A /* Tests-Info.plist */ = {isa = PBXFileReference; lastKnownFileType = text.plist.xml; path = "Tests-Info.plist"; sourceTree = "<group>"; };
		6003F5B9195388D20070C39A /* en */ = {isa = PBXFileReference; lastKnownFileType = text.plist.strings; name = en; path = en.lproj/InfoPlist.strings; sourceTree = "<group>"; };
		606FC2411953D9B200FFA9A0 /* Tests-Prefix.pch */ = {isa = PBXFileReference; lastKnownFileType = sourcecode.c.h; path = "Tests-Prefix.pch"; sourceTree = "<group>"; };
		64000CA01D451E07006ACD20 /* CoreData.framework */ = {isa = PBXFileReference; lastKnownFileType = wrapper.framework; name = CoreData.framework; path = System/Library/Frameworks/CoreData.framework; sourceTree = SDKROOT; };
		64000CA41D451F5A006ACD20 /* QSCloudKitSynchronizerTests.m */ = {isa = PBXFileReference; fileEncoding = 4; lastKnownFileType = sourcecode.c.objc; path = QSCloudKitSynchronizerTests.m; sourceTree = "<group>"; };
		64000CA51D451F5A006ACD20 /* QSMockModelAdapter.h */ = {isa = PBXFileReference; fileEncoding = 4; lastKnownFileType = sourcecode.c.h; path = QSMockModelAdapter.h; sourceTree = "<group>"; };
		64000CA61D451F5A006ACD20 /* QSMockModelAdapter.m */ = {isa = PBXFileReference; fileEncoding = 4; lastKnownFileType = sourcecode.c.objc; path = QSMockModelAdapter.m; sourceTree = "<group>"; };
		64000CA71D451F5A006ACD20 /* QSMockDatabase.h */ = {isa = PBXFileReference; fileEncoding = 4; lastKnownFileType = sourcecode.c.h; path = QSMockDatabase.h; sourceTree = "<group>"; };
		64000CA81D451F5A006ACD20 /* QSMockDatabase.m */ = {isa = PBXFileReference; fileEncoding = 4; lastKnownFileType = sourcecode.c.objc; path = QSMockDatabase.m; sourceTree = "<group>"; };
		64000CA91D451F5A006ACD20 /* QSObject.h */ = {isa = PBXFileReference; fileEncoding = 4; lastKnownFileType = sourcecode.c.h; path = QSObject.h; sourceTree = "<group>"; };
		64000CAA1D451F5A006ACD20 /* QSObject.m */ = {isa = PBXFileReference; fileEncoding = 4; lastKnownFileType = sourcecode.c.objc; path = QSObject.m; sourceTree = "<group>"; };
		641F76D41ED3EBBE00107A88 /* SyncKitCoreDataExampleTests.xctest */ = {isa = PBXFileReference; explicitFileType = wrapper.cfbundle; includeInIndex = 0; path = SyncKitCoreDataExampleTests.xctest; sourceTree = BUILT_PRODUCTS_DIR; };
		641F76D81ED3EBBE00107A88 /* Info.plist */ = {isa = PBXFileReference; lastKnownFileType = text.plist.xml; name = Info.plist; path = ../SyncKitCoreDataExampleTests/Info.plist; sourceTree = "<group>"; };
		64488A541F3BA2C000755D8E /* QSCompany.1739C6A5-C07E-48A5-B83E-AB07694F23DF */ = {isa = PBXFileReference; lastKnownFileType = file.bplist; path = "QSCompany.1739C6A5-C07E-48A5-B83E-AB07694F23DF"; sourceTree = "<group>"; };
		644B202D1D480F1700C131CD /* QSCoreDataAdapterTests.m */ = {isa = PBXFileReference; fileEncoding = 4; lastKnownFileType = sourcecode.c.objc; path = QSCoreDataAdapterTests.m; sourceTree = "<group>"; };
		644F4D1120A5E248008D065E /* QSQSDefaultCoreDataAdapterDelegateTests.m */ = {isa = PBXFileReference; lastKnownFileType = sourcecode.c.objc; path = QSQSDefaultCoreDataAdapterDelegateTests.m; sourceTree = "<group>"; };
		644F4D1320A5E33C008D065E /* QSMockManagedObjectContext.h */ = {isa = PBXFileReference; lastKnownFileType = sourcecode.c.h; path = QSMockManagedObjectContext.h; sourceTree = "<group>"; };
		644F4D1420A5E33C008D065E /* QSMockManagedObjectContext.m */ = {isa = PBXFileReference; lastKnownFileType = sourcecode.c.objc; path = QSMockManagedObjectContext.m; sourceTree = "<group>"; };
		644F4D1620A5E46A008D065E /* QSMockCoreDataAdapter.h */ = {isa = PBXFileReference; lastKnownFileType = sourcecode.c.h; path = QSMockCoreDataAdapter.h; sourceTree = "<group>"; };
		644F4D1720A5E46A008D065E /* QSMockCoreDataAdapter.m */ = {isa = PBXFileReference; lastKnownFileType = sourcecode.c.objc; path = QSMockCoreDataAdapter.m; sourceTree = "<group>"; };
		644F4D1920A5ED4F008D065E /* QSDefaultCoreDataStackProviderTests.m */ = {isa = PBXFileReference; lastKnownFileType = sourcecode.c.objc; path = QSDefaultCoreDataStackProviderTests.m; sourceTree = "<group>"; };
		645889AE20D3B38F00DF2018 /* QSFetchDatabaseChangesOperationTests.m */ = {isa = PBXFileReference; lastKnownFileType = sourcecode.c.objc; path = QSFetchDatabaseChangesOperationTests.m; sourceTree = "<group>"; };
		645889B020D3C71200DF2018 /* QSFetchZoneChangesOperationTests.m */ = {isa = PBXFileReference; lastKnownFileType = sourcecode.c.objc; path = QSFetchZoneChangesOperationTests.m; sourceTree = "<group>"; };
		64611C1E20A45D0700F671B4 /* SyncKitCoreDataExample.entitlements */ = {isa = PBXFileReference; lastKnownFileType = text.plist.entitlements; name = SyncKitCoreDataExample.entitlements; path = SyncKitCoreDataExample/SyncKitCoreDataExample.entitlements; sourceTree = "<group>"; };
		64611C1F20A45D0800F671B4 /* CloudKit.framework */ = {isa = PBXFileReference; lastKnownFileType = wrapper.framework; name = CloudKit.framework; path = System/Library/Frameworks/CloudKit.framework; sourceTree = SDKROOT; };
		64611C2120A45E3E00F671B4 /* QSMockAdapterProvider.h */ = {isa = PBXFileReference; fileEncoding = 4; lastKnownFileType = sourcecode.c.h; path = QSMockAdapterProvider.h; sourceTree = "<group>"; };
		64611C2220A45E3E00F671B4 /* QSMockAdapterProvider.m */ = {isa = PBXFileReference; fileEncoding = 4; lastKnownFileType = sourcecode.c.objc; path = QSMockAdapterProvider.m; sourceTree = "<group>"; };
		64B13A8C20C9763000FCB834 /* QSCloudKitSynchronizerOperationTests.swift */ = {isa = PBXFileReference; lastKnownFileType = sourcecode.swift; path = QSCloudKitSynchronizerOperationTests.swift; sourceTree = "<group>"; };
		64B13A9120C984C200FCB834 /* serverChangeToken.AQAAAWPa1DUC */ = {isa = PBXFileReference; lastKnownFileType = file.bplist; path = serverChangeToken.AQAAAWPa1DUC; sourceTree = "<group>"; };
		64DFFAAF1FED35F90072B8C3 /* QSMockKeyValueStore.h */ = {isa = PBXFileReference; lastKnownFileType = sourcecode.c.h; path = QSMockKeyValueStore.h; sourceTree = "<group>"; };
		64DFFAB01FED35F90072B8C3 /* QSMockKeyValueStore.m */ = {isa = PBXFileReference; lastKnownFileType = sourcecode.c.objc; path = QSMockKeyValueStore.m; sourceTree = "<group>"; };
		64E92B2820A7622F00AABA19 /* QSExample.xcdatamodel */ = {isa = PBXFileReference; lastKnownFileType = wrapper.xcdatamodel; path = QSExample.xcdatamodel; sourceTree = "<group>"; };
		64F9C4B220E1135F004C524B /* Launch.storyboard */ = {isa = PBXFileReference; lastKnownFileType = file.storyboard; path = Launch.storyboard; sourceTree = "<group>"; };
		6C901FC5210D02C2004154FE /* QSCompany.swift */ = {isa = PBXFileReference; fileEncoding = 4; lastKnownFileType = sourcecode.swift; path = QSCompany.swift; sourceTree = "<group>"; };
		6C938FE36198D6DFB38A45ED /* Pods-SyncKit_Example.release.xcconfig */ = {isa = PBXFileReference; includeInIndex = 1; lastKnownFileType = text.xcconfig; name = "Pods-SyncKit_Example.release.xcconfig"; path = "Pods/Target Support Files/Pods-SyncKit_Example/Pods-SyncKit_Example.release.xcconfig"; sourceTree = "<group>"; };
		6CA1AC66210D046A0058F7F2 /* QSCompany+CoreDataProperties.swift */ = {isa = PBXFileReference; fileEncoding = 4; lastKnownFileType = sourcecode.swift; path = "QSCompany+CoreDataProperties.swift"; sourceTree = "<group>"; };
		6CA1AC68210D04B80058F7F2 /* QSEmployee.swift */ = {isa = PBXFileReference; fileEncoding = 4; lastKnownFileType = sourcecode.swift; path = QSEmployee.swift; sourceTree = "<group>"; };
		6CA1AC6A210D04DA0058F7F2 /* QSEmployee+CoreDataProperties.swift */ = {isa = PBXFileReference; fileEncoding = 4; lastKnownFileType = sourcecode.swift; path = "QSEmployee+CoreDataProperties.swift"; sourceTree = "<group>"; };
		6CA1AC6C210D05D80058F7F2 /* QSSharedCompanySwiftTableViewController.swift */ = {isa = PBXFileReference; fileEncoding = 4; lastKnownFileType = sourcecode.swift; path = QSSharedCompanySwiftTableViewController.swift; sourceTree = "<group>"; };
		6CA1AC6D210D05D80058F7F2 /* QSCompanyTableViewController.swift */ = {isa = PBXFileReference; fileEncoding = 4; lastKnownFileType = sourcecode.swift; path = QSCompanyTableViewController.swift; sourceTree = "<group>"; };
		6CA1AC6E210D05D80058F7F2 /* QSCompanyTableViewCell.swift */ = {isa = PBXFileReference; fileEncoding = 4; lastKnownFileType = sourcecode.swift; path = QSCompanyTableViewCell.swift; sourceTree = "<group>"; };
		6CA1AC6F210D05D80058F7F2 /* QSSettingsTableViewController.swift */ = {isa = PBXFileReference; fileEncoding = 4; lastKnownFileType = sourcecode.swift; path = QSSettingsTableViewController.swift; sourceTree = "<group>"; };
		6CA1AC70210D05D80058F7F2 /* QSEmployeeTableViewController.swift */ = {isa = PBXFileReference; fileEncoding = 4; lastKnownFileType = sourcecode.swift; path = QSEmployeeTableViewController.swift; sourceTree = "<group>"; };
		6CA1AC76210D061A0058F7F2 /* QSAppDelegate.swift */ = {isa = PBXFileReference; fileEncoding = 4; lastKnownFileType = sourcecode.swift; path = QSAppDelegate.swift; sourceTree = "<group>"; };
		7CFCC3E7A2C4B902AC907709 /* Pods-SyncKit_Tests.release.xcconfig */ = {isa = PBXFileReference; includeInIndex = 1; lastKnownFileType = text.xcconfig; name = "Pods-SyncKit_Tests.release.xcconfig"; path = "Pods/Target Support Files/Pods-SyncKit_Tests/Pods-SyncKit_Tests.release.xcconfig"; sourceTree = "<group>"; };
		873B8AEA1B1F5CCA007FD442 /* Main.storyboard */ = {isa = PBXFileReference; fileEncoding = 4; lastKnownFileType = file.storyboard; path = Main.storyboard; sourceTree = "<group>"; };
		87B38E6CBF48EF7FD5DFD598 /* Pods-SyncKit_Tests.debug.xcconfig */ = {isa = PBXFileReference; includeInIndex = 1; lastKnownFileType = text.xcconfig; name = "Pods-SyncKit_Tests.debug.xcconfig"; path = "Pods/Target Support Files/Pods-SyncKit_Tests/Pods-SyncKit_Tests.debug.xcconfig"; sourceTree = "<group>"; };
		AAB4A651EE466CC5A9BFA796 /* LICENSE */ = {isa = PBXFileReference; includeInIndex = 1; lastKnownFileType = text; name = LICENSE; path = ../LICENSE; sourceTree = "<group>"; };
		AC4B4AEDAC184A70E86A5131 /* Pods-SyncKitCoreDataExample.release.xcconfig */ = {isa = PBXFileReference; includeInIndex = 1; lastKnownFileType = text.xcconfig; name = "Pods-SyncKitCoreDataExample.release.xcconfig"; path = "Pods/Target Support Files/Pods-SyncKitCoreDataExample/Pods-SyncKitCoreDataExample.release.xcconfig"; sourceTree = "<group>"; };
		B83CBEEF6E8B85A4E5AEB0B9 /* Pods-SyncKitCoreDataExample.debug.xcconfig */ = {isa = PBXFileReference; includeInIndex = 1; lastKnownFileType = text.xcconfig; name = "Pods-SyncKitCoreDataExample.debug.xcconfig"; path = "Pods/Target Support Files/Pods-SyncKitCoreDataExample/Pods-SyncKitCoreDataExample.debug.xcconfig"; sourceTree = "<group>"; };
		C1C0B54512FFECAB25A72470 /* Pods-SyncKitCoreDataExampleTests.debug.xcconfig */ = {isa = PBXFileReference; includeInIndex = 1; lastKnownFileType = text.xcconfig; name = "Pods-SyncKitCoreDataExampleTests.debug.xcconfig"; path = "Pods/Target Support Files/Pods-SyncKitCoreDataExampleTests/Pods-SyncKitCoreDataExampleTests.debug.xcconfig"; sourceTree = "<group>"; };
		C6DF419E158F95D2290AC402 /* libPods-SyncKit_Example.a */ = {isa = PBXFileReference; explicitFileType = archive.ar; includeInIndex = 0; path = "libPods-SyncKit_Example.a"; sourceTree = BUILT_PRODUCTS_DIR; };
		CFCF74E6DD999D9D4B6FCFC5 /* Pods_SyncKitCoreDataExampleTests.framework */ = {isa = PBXFileReference; explicitFileType = wrapper.framework; includeInIndex = 0; path = Pods_SyncKitCoreDataExampleTests.framework; sourceTree = BUILT_PRODUCTS_DIR; };
		D6FF0022B4D3BFA5C55D56B7 /* Pods-SyncKitCoreDataExampleTests.release.xcconfig */ = {isa = PBXFileReference; includeInIndex = 1; lastKnownFileType = text.xcconfig; name = "Pods-SyncKitCoreDataExampleTests.release.xcconfig"; path = "Pods/Target Support Files/Pods-SyncKitCoreDataExampleTests/Pods-SyncKitCoreDataExampleTests.release.xcconfig"; sourceTree = "<group>"; };
/* End PBXFileReference section */

/* Begin PBXFrameworksBuildPhase section */
		6003F587195388D20070C39A /* Frameworks */ = {
			isa = PBXFrameworksBuildPhase;
			buildActionMask = 2147483647;
			files = (
				64000CA11D451E07006ACD20 /* CoreData.framework in Frameworks */,
				6003F590195388D20070C39A /* CoreGraphics.framework in Frameworks */,
				6003F592195388D20070C39A /* UIKit.framework in Frameworks */,
				64611C2020A45D0800F671B4 /* CloudKit.framework in Frameworks */,
				6003F58E195388D20070C39A /* Foundation.framework in Frameworks */,
				6D9FA33A532397E8B587238A /* Pods_SyncKitCoreDataExample.framework in Frameworks */,
			);
			runOnlyForDeploymentPostprocessing = 0;
		};
		641F76D11ED3EBBE00107A88 /* Frameworks */ = {
			isa = PBXFrameworksBuildPhase;
			buildActionMask = 2147483647;
			files = (
				50B326A492216C4898A3937D /* Pods_SyncKitCoreDataExampleTests.framework in Frameworks */,
			);
			runOnlyForDeploymentPostprocessing = 0;
		};
/* End PBXFrameworksBuildPhase section */

/* Begin PBXGroup section */
		6003F581195388D10070C39A = {
			isa = PBXGroup;
			children = (
				64611C1E20A45D0700F671B4 /* SyncKitCoreDataExample.entitlements */,
				60FF7A9C1954A5C5007DD14C /* Podspec Metadata */,
				6003F593195388D20070C39A /* Example for SyncKit */,
				6003F5B5195388D20070C39A /* SyncKitCoreDataExampleTests */,
				6003F58C195388D20070C39A /* Frameworks */,
				6003F58B195388D20070C39A /* Products */,
				7912CB990C9878FCE0C11D49 /* Pods */,
			);
			sourceTree = "<group>";
		};
		6003F58B195388D20070C39A /* Products */ = {
			isa = PBXGroup;
			children = (
				6003F58A195388D20070C39A /* SyncKitCoreDataExample.app */,
				641F76D41ED3EBBE00107A88 /* SyncKitCoreDataExampleTests.xctest */,
			);
			name = Products;
			sourceTree = "<group>";
		};
		6003F58C195388D20070C39A /* Frameworks */ = {
			isa = PBXGroup;
			children = (
				64611C1F20A45D0800F671B4 /* CloudKit.framework */,
				64000CA01D451E07006ACD20 /* CoreData.framework */,
				6003F58D195388D20070C39A /* Foundation.framework */,
				6003F58F195388D20070C39A /* CoreGraphics.framework */,
				6003F591195388D20070C39A /* UIKit.framework */,
				6003F5AF195388D20070C39A /* XCTest.framework */,
				C6DF419E158F95D2290AC402 /* libPods-SyncKit_Example.a */,
				3BE629B3911A529DE14DA4FB /* libPods-SyncKit_Tests.a */,
				4EDB74EC733B7C608C0E05C8 /* Pods_SyncKitCoreDataExample.framework */,
				CFCF74E6DD999D9D4B6FCFC5 /* Pods_SyncKitCoreDataExampleTests.framework */,
			);
			name = Frameworks;
			sourceTree = "<group>";
		};
		6003F593195388D20070C39A /* Example for SyncKit */ = {
			isa = PBXGroup;
			children = (
				644B20321D4811B200C131CD /* Model */,
				6CA1AC76210D061A0058F7F2 /* QSAppDelegate.swift */,
				873B8AEA1B1F5CCA007FD442 /* Main.storyboard */,
				64F9C4B220E1135F004C524B /* Launch.storyboard */,
				6003F5A8195388D20070C39A /* Images.xcassets */,
				6003F594195388D20070C39A /* Supporting Files */,
				6CA1AC6D210D05D80058F7F2 /* QSCompanyTableViewController.swift */,
				6CA1AC70210D05D80058F7F2 /* QSEmployeeTableViewController.swift */,
				6CA1AC6E210D05D80058F7F2 /* QSCompanyTableViewCell.swift */,
				6CA1AC6C210D05D80058F7F2 /* QSSharedCompanySwiftTableViewController.swift */,
				6CA1AC6F210D05D80058F7F2 /* QSSettingsTableViewController.swift */,
			);
			name = "Example for SyncKit";
			path = SyncKit;
			sourceTree = "<group>";
		};
		6003F594195388D20070C39A /* Supporting Files */ = {
			isa = PBXGroup;
			children = (
				6003F595195388D20070C39A /* SyncKitCoreDataExample-Info.plist */,
				6003F596195388D20070C39A /* InfoPlist.strings */,
			);
			name = "Supporting Files";
			sourceTree = "<group>";
		};
		6003F5B5195388D20070C39A /* SyncKitCoreDataExampleTests */ = {
			isa = PBXGroup;
			children = (
				648869C220B5696E00194BA7 /* Mocks */,
				641F76D81ED3EBBE00107A88 /* Info.plist */,
				6003F5B6195388D20070C39A /* Supporting Files */,
				64000CA41D451F5A006ACD20 /* QSCloudKitSynchronizerTests.m */,
				644B202D1D480F1700C131CD /* QSCoreDataAdapterTests.m */,
				644F4D1120A5E248008D065E /* QSQSDefaultCoreDataAdapterDelegateTests.m */,
				644F4D1920A5ED4F008D065E /* QSDefaultCoreDataStackProviderTests.m */,
				64000CA91D451F5A006ACD20 /* QSObject.h */,
				64000CAA1D451F5A006ACD20 /* QSObject.m */,
				64B13A9120C984C200FCB834 /* serverChangeToken.AQAAAWPa1DUC */,
				64488A541F3BA2C000755D8E /* QSCompany.1739C6A5-C07E-48A5-B83E-AB07694F23DF */,
				64B13A8C20C9763000FCB834 /* QSCloudKitSynchronizerOperationTests.swift */,
				645889AE20D3B38F00DF2018 /* QSFetchDatabaseChangesOperationTests.m */,
				645889B020D3C71200DF2018 /* QSFetchZoneChangesOperationTests.m */,
			);
			path = SyncKitCoreDataExampleTests;
			sourceTree = "<group>";
		};
		6003F5B6195388D20070C39A /* Supporting Files */ = {
			isa = PBXGroup;
			children = (
				6003F5B7195388D20070C39A /* Tests-Info.plist */,
				6003F5B8195388D20070C39A /* InfoPlist.strings */,
				606FC2411953D9B200FFA9A0 /* Tests-Prefix.pch */,
			);
			name = "Supporting Files";
			sourceTree = "<group>";
		};
		60FF7A9C1954A5C5007DD14C /* Podspec Metadata */ = {
			isa = PBXGroup;
			children = (
				4511397F66387F7580C8AC9C /* SyncKit.podspec */,
				43D2A2CE729030C0F251F11D /* README.md */,
				AAB4A651EE466CC5A9BFA796 /* LICENSE */,
			);
			name = "Podspec Metadata";
			sourceTree = "<group>";
		};
		644B20321D4811B200C131CD /* Model */ = {
			isa = PBXGroup;
			children = (
				6C901FC5210D02C2004154FE /* QSCompany.swift */,
				6CA1AC66210D046A0058F7F2 /* QSCompany+CoreDataProperties.swift */,
				6CA1AC68210D04B80058F7F2 /* QSEmployee.swift */,
				6CA1AC6A210D04DA0058F7F2 /* QSEmployee+CoreDataProperties.swift */,
				64E92B2720A7622F00AABA19 /* QSExample.xcdatamodeld */,
			);
			name = Model;
			sourceTree = "<group>";
		};
		648869C220B5696E00194BA7 /* Mocks */ = {
			isa = PBXGroup;
			children = (
				64611C2120A45E3E00F671B4 /* QSMockAdapterProvider.h */,
				64611C2220A45E3E00F671B4 /* QSMockAdapterProvider.m */,
				64DFFAAF1FED35F90072B8C3 /* QSMockKeyValueStore.h */,
				64DFFAB01FED35F90072B8C3 /* QSMockKeyValueStore.m */,
				644F4D1320A5E33C008D065E /* QSMockManagedObjectContext.h */,
				644F4D1420A5E33C008D065E /* QSMockManagedObjectContext.m */,
				644F4D1620A5E46A008D065E /* QSMockCoreDataAdapter.h */,
				644F4D1720A5E46A008D065E /* QSMockCoreDataAdapter.m */,
				64000CA51D451F5A006ACD20 /* QSMockModelAdapter.h */,
				64000CA61D451F5A006ACD20 /* QSMockModelAdapter.m */,
				64000CA71D451F5A006ACD20 /* QSMockDatabase.h */,
				64000CA81D451F5A006ACD20 /* QSMockDatabase.m */,
			);
			name = Mocks;
			sourceTree = "<group>";
		};
		7912CB990C9878FCE0C11D49 /* Pods */ = {
			isa = PBXGroup;
			children = (
				0480DE43AF84354D4F90FA9B /* Pods-SyncKit_Example.debug.xcconfig */,
				6C938FE36198D6DFB38A45ED /* Pods-SyncKit_Example.release.xcconfig */,
				87B38E6CBF48EF7FD5DFD598 /* Pods-SyncKit_Tests.debug.xcconfig */,
				7CFCC3E7A2C4B902AC907709 /* Pods-SyncKit_Tests.release.xcconfig */,
				B83CBEEF6E8B85A4E5AEB0B9 /* Pods-SyncKitCoreDataExample.debug.xcconfig */,
				AC4B4AEDAC184A70E86A5131 /* Pods-SyncKitCoreDataExample.release.xcconfig */,
				C1C0B54512FFECAB25A72470 /* Pods-SyncKitCoreDataExampleTests.debug.xcconfig */,
				D6FF0022B4D3BFA5C55D56B7 /* Pods-SyncKitCoreDataExampleTests.release.xcconfig */,
			);
			name = Pods;
			sourceTree = "<group>";
		};
/* End PBXGroup section */

/* Begin PBXNativeTarget section */
		6003F589195388D20070C39A /* SyncKitCoreDataExample */ = {
			isa = PBXNativeTarget;
			buildConfigurationList = 6003F5BF195388D20070C39A /* Build configuration list for PBXNativeTarget "SyncKitCoreDataExample" */;
			buildPhases = (
				D95C6C6549BDF6E545FD0AC9 /* [CP] Check Pods Manifest.lock */,
				6003F586195388D20070C39A /* Sources */,
				6003F587195388D20070C39A /* Frameworks */,
				6003F588195388D20070C39A /* Resources */,
				2131F8D05D44D17BA5526DD5 /* [CP] Embed Pods Frameworks */,
			);
			buildRules = (
			);
			dependencies = (
			);
			name = SyncKitCoreDataExample;
			productName = SyncKit;
			productReference = 6003F58A195388D20070C39A /* SyncKitCoreDataExample.app */;
			productType = "com.apple.product-type.application";
		};
		641F76D31ED3EBBE00107A88 /* SyncKitCoreDataExampleTests */ = {
			isa = PBXNativeTarget;
			buildConfigurationList = 641F76DB1ED3EBBE00107A88 /* Build configuration list for PBXNativeTarget "SyncKitCoreDataExampleTests" */;
			buildPhases = (
				EE7A800FFC7D228EBDE726AE /* [CP] Check Pods Manifest.lock */,
				641F76D01ED3EBBE00107A88 /* Sources */,
				641F76D11ED3EBBE00107A88 /* Frameworks */,
				641F76D21ED3EBBE00107A88 /* Resources */,
				4403ED7D9555A91B762043CF /* [CP] Embed Pods Frameworks */,
			);
			buildRules = (
			);
			dependencies = (
				641F76DA1ED3EBBE00107A88 /* PBXTargetDependency */,
			);
			name = SyncKitCoreDataExampleTests;
			productName = SyncKitCoreDataExampleTests;
			productReference = 641F76D41ED3EBBE00107A88 /* SyncKitCoreDataExampleTests.xctest */;
			productType = "com.apple.product-type.bundle.unit-test";
		};
/* End PBXNativeTarget section */

/* Begin PBXProject section */
		6003F582195388D10070C39A /* Project object */ = {
			isa = PBXProject;
			attributes = {
				CLASSPREFIX = QS;
				LastUpgradeCheck = 0940;
				ORGANIZATIONNAME = Manuel;
				TargetAttributes = {
					6003F589195388D20070C39A = {
						DevelopmentTeam = FCMT63P4CY;
						LastSwiftMigration = 0940;
						SystemCapabilities = {
							com.apple.Push = {
								enabled = 1;
							};
							com.apple.iCloud = {
								enabled = 1;
							};
						};
					};
					641F76D31ED3EBBE00107A88 = {
						CreatedOnToolsVersion = 8.3.2;
						LastSwiftMigration = 0940;
						ProvisioningStyle = Automatic;
						TestTargetID = 6003F589195388D20070C39A;
					};
				};
			};
			buildConfigurationList = 6003F585195388D10070C39A /* Build configuration list for PBXProject "SyncKitCoreDataExample" */;
			compatibilityVersion = "Xcode 3.2";
			developmentRegion = English;
			hasScannedForEncodings = 0;
			knownRegions = (
				en,
				Base,
			);
			mainGroup = 6003F581195388D10070C39A;
			productRefGroup = 6003F58B195388D20070C39A /* Products */;
			projectDirPath = "";
			projectRoot = "";
			targets = (
				6003F589195388D20070C39A /* SyncKitCoreDataExample */,
				641F76D31ED3EBBE00107A88 /* SyncKitCoreDataExampleTests */,
			);
		};
/* End PBXProject section */

/* Begin PBXResourcesBuildPhase section */
		6003F588195388D20070C39A /* Resources */ = {
			isa = PBXResourcesBuildPhase;
			buildActionMask = 2147483647;
			files = (
				873B8AEB1B1F5CCA007FD442 /* Main.storyboard in Resources */,
				6003F5A9195388D20070C39A /* Images.xcassets in Resources */,
				6003F598195388D20070C39A /* InfoPlist.strings in Resources */,
				64F9C4B320E1135F004C524B /* Launch.storyboard in Resources */,
			);
			runOnlyForDeploymentPostprocessing = 0;
		};
		641F76D21ED3EBBE00107A88 /* Resources */ = {
			isa = PBXResourcesBuildPhase;
			buildActionMask = 2147483647;
			files = (
				64B13A9220C984C200FCB834 /* serverChangeToken.AQAAAWPa1DUC in Resources */,
				64488A561F3BA38600755D8E /* QSCompany.1739C6A5-C07E-48A5-B83E-AB07694F23DF in Resources */,
			);
			runOnlyForDeploymentPostprocessing = 0;
		};
/* End PBXResourcesBuildPhase section */

/* Begin PBXShellScriptBuildPhase section */
		2131F8D05D44D17BA5526DD5 /* [CP] Embed Pods Frameworks */ = {
			isa = PBXShellScriptBuildPhase;
			buildActionMask = 2147483647;
			files = (
			);
			inputPaths = (
				"${SRCROOT}/Pods/Target Support Files/Pods-SyncKitCoreDataExample/Pods-SyncKitCoreDataExample-frameworks.sh",
				"${BUILT_PRODUCTS_DIR}/SyncKit/SyncKit.framework",
			);
			name = "[CP] Embed Pods Frameworks";
			outputPaths = (
				"${TARGET_BUILD_DIR}/${FRAMEWORKS_FOLDER_PATH}/SyncKit.framework",
			);
			runOnlyForDeploymentPostprocessing = 0;
			shellPath = /bin/sh;
			shellScript = "\"${SRCROOT}/Pods/Target Support Files/Pods-SyncKitCoreDataExample/Pods-SyncKitCoreDataExample-frameworks.sh\"\n";
			showEnvVarsInLog = 0;
		};
		4403ED7D9555A91B762043CF /* [CP] Embed Pods Frameworks */ = {
			isa = PBXShellScriptBuildPhase;
			buildActionMask = 2147483647;
			files = (
			);
			inputPaths = (
				"${SRCROOT}/Pods/Target Support Files/Pods-SyncKitCoreDataExampleTests/Pods-SyncKitCoreDataExampleTests-frameworks.sh",
				"${BUILT_PRODUCTS_DIR}/OCMock/OCMock.framework",
			);
			name = "[CP] Embed Pods Frameworks";
			outputPaths = (
				"${TARGET_BUILD_DIR}/${FRAMEWORKS_FOLDER_PATH}/OCMock.framework",
			);
			runOnlyForDeploymentPostprocessing = 0;
			shellPath = /bin/sh;
			shellScript = "\"${SRCROOT}/Pods/Target Support Files/Pods-SyncKitCoreDataExampleTests/Pods-SyncKitCoreDataExampleTests-frameworks.sh\"\n";
			showEnvVarsInLog = 0;
		};
		D95C6C6549BDF6E545FD0AC9 /* [CP] Check Pods Manifest.lock */ = {
			isa = PBXShellScriptBuildPhase;
			buildActionMask = 2147483647;
			files = (
			);
			inputPaths = (
				"${PODS_PODFILE_DIR_PATH}/Podfile.lock",
				"${PODS_ROOT}/Manifest.lock",
			);
			name = "[CP] Check Pods Manifest.lock";
			outputPaths = (
				"$(DERIVED_FILE_DIR)/Pods-SyncKitCoreDataExample-checkManifestLockResult.txt",
			);
			runOnlyForDeploymentPostprocessing = 0;
			shellPath = /bin/sh;
			shellScript = "diff \"${PODS_PODFILE_DIR_PATH}/Podfile.lock\" \"${PODS_ROOT}/Manifest.lock\" > /dev/null\nif [ $? != 0 ] ; then\n    # print error to STDERR\n    echo \"error: The sandbox is not in sync with the Podfile.lock. Run 'pod install' or update your CocoaPods installation.\" >&2\n    exit 1\nfi\n# This output is used by Xcode 'outputs' to avoid re-running this script phase.\necho \"SUCCESS\" > \"${SCRIPT_OUTPUT_FILE_0}\"\n";
			showEnvVarsInLog = 0;
		};
		EE7A800FFC7D228EBDE726AE /* [CP] Check Pods Manifest.lock */ = {
			isa = PBXShellScriptBuildPhase;
			buildActionMask = 2147483647;
			files = (
			);
			inputPaths = (
				"${PODS_PODFILE_DIR_PATH}/Podfile.lock",
				"${PODS_ROOT}/Manifest.lock",
			);
			name = "[CP] Check Pods Manifest.lock";
			outputPaths = (
				"$(DERIVED_FILE_DIR)/Pods-SyncKitCoreDataExampleTests-checkManifestLockResult.txt",
			);
			runOnlyForDeploymentPostprocessing = 0;
			shellPath = /bin/sh;
			shellScript = "diff \"${PODS_PODFILE_DIR_PATH}/Podfile.lock\" \"${PODS_ROOT}/Manifest.lock\" > /dev/null\nif [ $? != 0 ] ; then\n    # print error to STDERR\n    echo \"error: The sandbox is not in sync with the Podfile.lock. Run 'pod install' or update your CocoaPods installation.\" >&2\n    exit 1\nfi\n# This output is used by Xcode 'outputs' to avoid re-running this script phase.\necho \"SUCCESS\" > \"${SCRIPT_OUTPUT_FILE_0}\"\n";
			showEnvVarsInLog = 0;
		};
/* End PBXShellScriptBuildPhase section */

/* Begin PBXSourcesBuildPhase section */
		6003F586195388D20070C39A /* Sources */ = {
			isa = PBXSourcesBuildPhase;
			buildActionMask = 2147483647;
			files = (
				6CA1AC69210D04B80058F7F2 /* QSEmployee.swift in Sources */,
				6CA1AC74210D05D80058F7F2 /* QSSettingsTableViewController.swift in Sources */,
				6C901FC6210D02C2004154FE /* QSCompany.swift in Sources */,
				6CA1AC72210D05D80058F7F2 /* QSCompanyTableViewController.swift in Sources */,
				6CA1AC6B210D04DA0058F7F2 /* QSEmployee+CoreDataProperties.swift in Sources */,
				6CA1AC75210D05D80058F7F2 /* QSEmployeeTableViewController.swift in Sources */,
				6CA1AC73210D05D80058F7F2 /* QSCompanyTableViewCell.swift in Sources */,
				6CA1AC67210D046A0058F7F2 /* QSCompany+CoreDataProperties.swift in Sources */,
				64E92B2920A7622F00AABA19 /* QSExample.xcdatamodeld in Sources */,
				6CA1AC79210D10890058F7F2 /* QSAppDelegate.swift in Sources */,
				6CA1AC71210D05D80058F7F2 /* QSSharedCompanySwiftTableViewController.swift in Sources */,
			);
			runOnlyForDeploymentPostprocessing = 0;
		};
		641F76D01ED3EBBE00107A88 /* Sources */ = {
			isa = PBXSourcesBuildPhase;
			buildActionMask = 2147483647;
			files = (
				644F4D1A20A5ED4F008D065E /* QSDefaultCoreDataStackProviderTests.m in Sources */,
				644F4D1520A5E33C008D065E /* QSMockManagedObjectContext.m in Sources */,
				644F4D1220A5E248008D065E /* QSQSDefaultCoreDataAdapterDelegateTests.m in Sources */,
				641F76DE1ED3EBDA00107A88 /* QSCloudKitSynchronizerTests.m in Sources */,
				64DFFAB11FED35F90072B8C3 /* QSMockKeyValueStore.m in Sources */,
				64B13A8D20C9763000FCB834 /* QSCloudKitSynchronizerOperationTests.swift in Sources */,
				644F4D1820A5E46A008D065E /* QSMockCoreDataAdapter.m in Sources */,
				648869C120B45F9500194BA7 /* QSExample.xcdatamodeld in Sources */,
				645889B120D3C71200DF2018 /* QSFetchZoneChangesOperationTests.m in Sources */,
				64377B0B1ED6D394003FB86F /* QSMockDatabase.m in Sources */,
				645889AF20D3B38F00DF2018 /* QSFetchDatabaseChangesOperationTests.m in Sources */,
				64377B0C1ED6D397003FB86F /* QSObject.m in Sources */,
				64611C2320A45E3E00F671B4 /* QSMockAdapterProvider.m in Sources */,
				641F76DF1ED3EBDC00107A88 /* QSCoreDataAdapterTests.m in Sources */,
				64377B0A1ED6D391003FB86F /* QSMockModelAdapter.m in Sources */,
			);
			runOnlyForDeploymentPostprocessing = 0;
		};
/* End PBXSourcesBuildPhase section */

/* Begin PBXTargetDependency section */
		641F76DA1ED3EBBE00107A88 /* PBXTargetDependency */ = {
			isa = PBXTargetDependency;
			target = 6003F589195388D20070C39A /* SyncKitCoreDataExample */;
			targetProxy = 641F76D91ED3EBBE00107A88 /* PBXContainerItemProxy */;
		};
/* End PBXTargetDependency section */

/* Begin PBXVariantGroup section */
		6003F596195388D20070C39A /* InfoPlist.strings */ = {
			isa = PBXVariantGroup;
			children = (
				6003F597195388D20070C39A /* en */,
			);
			name = InfoPlist.strings;
			sourceTree = "<group>";
		};
		6003F5B8195388D20070C39A /* InfoPlist.strings */ = {
			isa = PBXVariantGroup;
			children = (
				6003F5B9195388D20070C39A /* en */,
			);
			name = InfoPlist.strings;
			sourceTree = "<group>";
		};
/* End PBXVariantGroup section */

/* Begin XCBuildConfiguration section */
		6003F5BD195388D20070C39A /* Debug */ = {
			isa = XCBuildConfiguration;
			buildSettings = {
				ALWAYS_SEARCH_USER_PATHS = NO;
				CLANG_CXX_LANGUAGE_STANDARD = "gnu++0x";
				CLANG_CXX_LIBRARY = "libc++";
				CLANG_ENABLE_MODULES = YES;
				CLANG_ENABLE_OBJC_ARC = YES;
				CLANG_WARN_BLOCK_CAPTURE_AUTORELEASING = YES;
				CLANG_WARN_BOOL_CONVERSION = YES;
				CLANG_WARN_COMMA = YES;
				CLANG_WARN_CONSTANT_CONVERSION = YES;
				CLANG_WARN_DEPRECATED_OBJC_IMPLEMENTATIONS = YES;
				CLANG_WARN_DIRECT_OBJC_ISA_USAGE = YES_ERROR;
				CLANG_WARN_EMPTY_BODY = YES;
				CLANG_WARN_ENUM_CONVERSION = YES;
				CLANG_WARN_INFINITE_RECURSION = YES;
				CLANG_WARN_INT_CONVERSION = YES;
				CLANG_WARN_NON_LITERAL_NULL_CONVERSION = YES;
				CLANG_WARN_OBJC_IMPLICIT_RETAIN_SELF = YES;
				CLANG_WARN_OBJC_LITERAL_CONVERSION = YES;
				CLANG_WARN_OBJC_ROOT_CLASS = YES_ERROR;
				CLANG_WARN_RANGE_LOOP_ANALYSIS = YES;
				CLANG_WARN_STRICT_PROTOTYPES = YES;
				CLANG_WARN_SUSPICIOUS_MOVE = YES;
				CLANG_WARN_UNREACHABLE_CODE = YES;
				CLANG_WARN__DUPLICATE_METHOD_MATCH = YES;
				"CODE_SIGN_IDENTITY[sdk=iphoneos*]" = "iPhone Developer";
				COPY_PHASE_STRIP = NO;
				ENABLE_STRICT_OBJC_MSGSEND = YES;
				ENABLE_TESTABILITY = YES;
				GCC_C_LANGUAGE_STANDARD = gnu99;
				GCC_DYNAMIC_NO_PIC = NO;
				GCC_NO_COMMON_BLOCKS = YES;
				GCC_OPTIMIZATION_LEVEL = 0;
				GCC_PREPROCESSOR_DEFINITIONS = (
					"DEBUG=1",
					"$(inherited)",
				);
				GCC_SYMBOLS_PRIVATE_EXTERN = NO;
				GCC_WARN_64_TO_32_BIT_CONVERSION = YES;
				GCC_WARN_ABOUT_RETURN_TYPE = YES_ERROR;
				GCC_WARN_UNDECLARED_SELECTOR = YES;
				GCC_WARN_UNINITIALIZED_AUTOS = YES_AGGRESSIVE;
				GCC_WARN_UNUSED_FUNCTION = YES;
				GCC_WARN_UNUSED_VARIABLE = YES;
				IPHONEOS_DEPLOYMENT_TARGET = 8.3;
				ONLY_ACTIVE_ARCH = YES;
				SDKROOT = iphoneos;
				TARGETED_DEVICE_FAMILY = "1,2";
			};
			name = Debug;
		};
		6003F5BE195388D20070C39A /* Release */ = {
			isa = XCBuildConfiguration;
			buildSettings = {
				ALWAYS_SEARCH_USER_PATHS = NO;
				CLANG_CXX_LANGUAGE_STANDARD = "gnu++0x";
				CLANG_CXX_LIBRARY = "libc++";
				CLANG_ENABLE_MODULES = YES;
				CLANG_ENABLE_OBJC_ARC = YES;
				CLANG_WARN_BLOCK_CAPTURE_AUTORELEASING = YES;
				CLANG_WARN_BOOL_CONVERSION = YES;
				CLANG_WARN_COMMA = YES;
				CLANG_WARN_CONSTANT_CONVERSION = YES;
				CLANG_WARN_DEPRECATED_OBJC_IMPLEMENTATIONS = YES;
				CLANG_WARN_DIRECT_OBJC_ISA_USAGE = YES_ERROR;
				CLANG_WARN_EMPTY_BODY = YES;
				CLANG_WARN_ENUM_CONVERSION = YES;
				CLANG_WARN_INFINITE_RECURSION = YES;
				CLANG_WARN_INT_CONVERSION = YES;
				CLANG_WARN_NON_LITERAL_NULL_CONVERSION = YES;
				CLANG_WARN_OBJC_IMPLICIT_RETAIN_SELF = YES;
				CLANG_WARN_OBJC_LITERAL_CONVERSION = YES;
				CLANG_WARN_OBJC_ROOT_CLASS = YES_ERROR;
				CLANG_WARN_RANGE_LOOP_ANALYSIS = YES;
				CLANG_WARN_STRICT_PROTOTYPES = YES;
				CLANG_WARN_SUSPICIOUS_MOVE = YES;
				CLANG_WARN_UNREACHABLE_CODE = YES;
				CLANG_WARN__DUPLICATE_METHOD_MATCH = YES;
				"CODE_SIGN_IDENTITY[sdk=iphoneos*]" = "iPhone Developer";
				COPY_PHASE_STRIP = YES;
				ENABLE_NS_ASSERTIONS = NO;
				ENABLE_STRICT_OBJC_MSGSEND = YES;
				GCC_C_LANGUAGE_STANDARD = gnu99;
				GCC_NO_COMMON_BLOCKS = YES;
				GCC_WARN_64_TO_32_BIT_CONVERSION = YES;
				GCC_WARN_ABOUT_RETURN_TYPE = YES_ERROR;
				GCC_WARN_UNDECLARED_SELECTOR = YES;
				GCC_WARN_UNINITIALIZED_AUTOS = YES_AGGRESSIVE;
				GCC_WARN_UNUSED_FUNCTION = YES;
				GCC_WARN_UNUSED_VARIABLE = YES;
				IPHONEOS_DEPLOYMENT_TARGET = 8.3;
				SDKROOT = iphoneos;
				SWIFT_COMPILATION_MODE = wholemodule;
				TARGETED_DEVICE_FAMILY = "1,2";
				VALIDATE_PRODUCT = YES;
			};
			name = Release;
		};
		6003F5C0195388D20070C39A /* Debug */ = {
			isa = XCBuildConfiguration;
			baseConfigurationReference = B83CBEEF6E8B85A4E5AEB0B9 /* Pods-SyncKitCoreDataExample.debug.xcconfig */;
			buildSettings = {
				ASSETCATALOG_COMPILER_APPICON_NAME = AppIcon;
				CLANG_ENABLE_MODULES = YES;
				CODE_SIGN_ENTITLEMENTS = SyncKitCoreDataExample/SyncKitCoreDataExample.entitlements;
				CODE_SIGN_IDENTITY = "iPhone Developer";
				DEVELOPMENT_TEAM = FCMT63P4CY;
				GCC_PRECOMPILE_PREFIX_HEADER = YES;
				GCC_PREFIX_HEADER = "SyncKit/SyncKitCoreDataExample-Prefix.pch";
				INFOPLIST_FILE = "SyncKit/SyncKitCoreDataExample-Info.plist";
				IPHONEOS_DEPLOYMENT_TARGET = 10.0;
				LD_RUNPATH_SEARCH_PATHS = "$(inherited) @executable_path/Frameworks";
				LIBRARY_SEARCH_PATHS = "$(inherited)";
				MODULE_NAME = ExampleApp;
				PRODUCT_BUNDLE_IDENTIFIER = ch.jeko.SyncKit;
				PRODUCT_NAME = "$(TARGET_NAME)";
				PROVISIONING_PROFILE = "";
				SWIFT_OBJC_BRIDGING_HEADER = "SyncKit/SyncKitCoreDataExample-Bridging-Header.h";
				SWIFT_OPTIMIZATION_LEVEL = "-Onone";
				SWIFT_VERSION = 3.0;
				WRAPPER_EXTENSION = app;
			};
			name = Debug;
		};
		6003F5C1195388D20070C39A /* Release */ = {
			isa = XCBuildConfiguration;
			baseConfigurationReference = AC4B4AEDAC184A70E86A5131 /* Pods-SyncKitCoreDataExample.release.xcconfig */;
			buildSettings = {
				ASSETCATALOG_COMPILER_APPICON_NAME = AppIcon;
				CLANG_ENABLE_MODULES = YES;
				CODE_SIGN_ENTITLEMENTS = SyncKitCoreDataExample/SyncKitCoreDataExample.entitlements;
				CODE_SIGN_IDENTITY = "iPhone Developer";
				DEVELOPMENT_TEAM = FCMT63P4CY;
				GCC_PRECOMPILE_PREFIX_HEADER = YES;
				GCC_PREFIX_HEADER = "SyncKit/SyncKitCoreDataExample-Prefix.pch";
				INFOPLIST_FILE = "SyncKit/SyncKitCoreDataExample-Info.plist";
				IPHONEOS_DEPLOYMENT_TARGET = 10.0;
				LD_RUNPATH_SEARCH_PATHS = "$(inherited) @executable_path/Frameworks";
				LIBRARY_SEARCH_PATHS = "$(inherited)";
				MODULE_NAME = ExampleApp;
				PRODUCT_BUNDLE_IDENTIFIER = ch.jeko.SyncKit;
				PRODUCT_NAME = "$(TARGET_NAME)";
				SWIFT_OBJC_BRIDGING_HEADER = "SyncKit/SyncKitCoreDataExample-Bridging-Header.h";
				SWIFT_VERSION = 3.0;
				WRAPPER_EXTENSION = app;
			};
			name = Release;
		};
		641F76DC1ED3EBBE00107A88 /* Debug */ = {
			isa = XCBuildConfiguration;
			baseConfigurationReference = C1C0B54512FFECAB25A72470 /* Pods-SyncKitCoreDataExampleTests.debug.xcconfig */;
			buildSettings = {
				ALWAYS_EMBED_SWIFT_STANDARD_LIBRARIES = YES;
				BUNDLE_LOADER = "$(TEST_HOST)";
				CLANG_ANALYZER_NONNULL = YES;
				CLANG_ANALYZER_NUMBER_OBJECT_CONVERSION = YES_AGGRESSIVE;
				CLANG_ENABLE_MODULES = YES;
				CLANG_WARN_DOCUMENTATION_COMMENTS = YES;
				DEBUG_INFORMATION_FORMAT = dwarf;
				DEVELOPMENT_TEAM = "";
				INFOPLIST_FILE = SyncKitCoreDataExampleTests/Info.plist;
				IPHONEOS_DEPLOYMENT_TARGET = 10.0;
				LD_RUNPATH_SEARCH_PATHS = "$(inherited) @executable_path/Frameworks @loader_path/Frameworks";
				MTL_ENABLE_DEBUG_INFO = YES;
				PRODUCT_BUNDLE_IDENTIFIER = com.mentrena.SyncKitCoreDataExampleTests;
				PRODUCT_NAME = "$(TARGET_NAME)";
				SWIFT_OBJC_BRIDGING_HEADER = "";
				SWIFT_OPTIMIZATION_LEVEL = "-Onone";
				SWIFT_VERSION = 3.0;
				TEST_HOST = "$(BUILT_PRODUCTS_DIR)/SyncKitCoreDataExample.app/SyncKitCoreDataExample";
			};
			name = Debug;
		};
		641F76DD1ED3EBBE00107A88 /* Release */ = {
			isa = XCBuildConfiguration;
			baseConfigurationReference = D6FF0022B4D3BFA5C55D56B7 /* Pods-SyncKitCoreDataExampleTests.release.xcconfig */;
			buildSettings = {
				ALWAYS_EMBED_SWIFT_STANDARD_LIBRARIES = YES;
				BUNDLE_LOADER = "$(TEST_HOST)";
				CLANG_ANALYZER_NONNULL = YES;
				CLANG_ANALYZER_NUMBER_OBJECT_CONVERSION = YES_AGGRESSIVE;
				CLANG_ENABLE_MODULES = YES;
				CLANG_WARN_DOCUMENTATION_COMMENTS = YES;
				COPY_PHASE_STRIP = NO;
				DEBUG_INFORMATION_FORMAT = "dwarf-with-dsym";
				DEVELOPMENT_TEAM = "";
				INFOPLIST_FILE = SyncKitCoreDataExampleTests/Info.plist;
				IPHONEOS_DEPLOYMENT_TARGET = 10.0;
				LD_RUNPATH_SEARCH_PATHS = "$(inherited) @executable_path/Frameworks @loader_path/Frameworks";
				MTL_ENABLE_DEBUG_INFO = NO;
				PRODUCT_BUNDLE_IDENTIFIER = com.mentrena.SyncKitCoreDataExampleTests;
				PRODUCT_NAME = "$(TARGET_NAME)";
				SWIFT_OBJC_BRIDGING_HEADER = "";
				SWIFT_VERSION = 3.0;
				TEST_HOST = "$(BUILT_PRODUCTS_DIR)/SyncKitCoreDataExample.app/SyncKitCoreDataExample";
			};
			name = Release;
		};
/* End XCBuildConfiguration section */

/* Begin XCConfigurationList section */
		6003F585195388D10070C39A /* Build configuration list for PBXProject "SyncKitCoreDataExample" */ = {
			isa = XCConfigurationList;
			buildConfigurations = (
				6003F5BD195388D20070C39A /* Debug */,
				6003F5BE195388D20070C39A /* Release */,
			);
			defaultConfigurationIsVisible = 0;
			defaultConfigurationName = Release;
		};
		6003F5BF195388D20070C39A /* Build configuration list for PBXNativeTarget "SyncKitCoreDataExample" */ = {
			isa = XCConfigurationList;
			buildConfigurations = (
				6003F5C0195388D20070C39A /* Debug */,
				6003F5C1195388D20070C39A /* Release */,
			);
			defaultConfigurationIsVisible = 0;
			defaultConfigurationName = Release;
		};
		641F76DB1ED3EBBE00107A88 /* Build configuration list for PBXNativeTarget "SyncKitCoreDataExampleTests" */ = {
			isa = XCConfigurationList;
			buildConfigurations = (
				641F76DC1ED3EBBE00107A88 /* Debug */,
				641F76DD1ED3EBBE00107A88 /* Release */,
			);
			defaultConfigurationIsVisible = 0;
			defaultConfigurationName = Release;
		};
/* End XCConfigurationList section */

/* Begin XCVersionGroup section */
		64E92B2720A7622F00AABA19 /* QSExample.xcdatamodeld */ = {
			isa = XCVersionGroup;
			children = (
				64E92B2820A7622F00AABA19 /* QSExample.xcdatamodel */,
			);
			currentVersion = 64E92B2820A7622F00AABA19 /* QSExample.xcdatamodel */;
			name = QSExample.xcdatamodeld;
			path = SyncKitCoreDataExample/Model/QSExample.xcdatamodeld;
			sourceTree = SOURCE_ROOT;
			versionGroupType = wrapper.xcdatamodel;
		};
/* End XCVersionGroup section */
	};
	rootObject = 6003F582195388D10070C39A /* Project object */;
}
