// !$*UTF8*$!
{
	archiveVersion = 1;
	classes = {
	};
	objectVersion = 52;
	objects = {

/* Begin PBXBuildFile section */
		640C330D22A2F15100A85508 /* SyncKit.h in Headers */ = {isa = PBXBuildFile; fileRef = 640C330B22A2F15100A85508 /* SyncKit.h */; settings = {ATTRIBUTES = (Public, ); }; };
		6435A45B251C8A3200A6167A /* ModifyRecordsOperation.swift in Sources */ = {isa = PBXBuildFile; fileRef = 6435A45A251C8A3200A6167A /* ModifyRecordsOperation.swift */; };
		648D947C22CD231500C01529 /* CloudKitDatabase.swift in Sources */ = {isa = PBXBuildFile; fileRef = 648D946F22CD231400C01529 /* CloudKitDatabase.swift */; };
		648D947D22CD231500C01529 /* ModelAdapter.swift in Sources */ = {isa = PBXBuildFile; fileRef = 648D947022CD231400C01529 /* ModelAdapter.swift */; };
		648D947E22CD231500C01529 /* CloudKitSynchronizer+Sync.swift in Sources */ = {isa = PBXBuildFile; fileRef = 648D947122CD231400C01529 /* CloudKitSynchronizer+Sync.swift */; };
		648D947F22CD231500C01529 /* TempFileManager.swift in Sources */ = {isa = PBXBuildFile; fileRef = 648D947222CD231500C01529 /* TempFileManager.swift */; };
		648D948022CD231500C01529 /* PrimaryKey.swift in Sources */ = {isa = PBXBuildFile; fileRef = 648D947322CD231500C01529 /* PrimaryKey.swift */; };
		648D948122CD231500C01529 /* CloudKitSynchronizer+Private.swift in Sources */ = {isa = PBXBuildFile; fileRef = 648D947422CD231500C01529 /* CloudKitSynchronizer+Private.swift */; };
		648D948222CD231500C01529 /* KeyValueStore.swift in Sources */ = {isa = PBXBuildFile; fileRef = 648D947522CD231500C01529 /* KeyValueStore.swift */; };
		648D948322CD231500C01529 /* CloudKitSynchronizer+Subscriptions.swift in Sources */ = {isa = PBXBuildFile; fileRef = 648D947622CD231500C01529 /* CloudKitSynchronizer+Subscriptions.swift */; };
		648D948422CD231500C01529 /* QSCoder.swift in Sources */ = {isa = PBXBuildFile; fileRef = 648D947722CD231500C01529 /* QSCoder.swift */; };
		648D948522CD231500C01529 /* BackupDetection.swift in Sources */ = {isa = PBXBuildFile; fileRef = 648D947822CD231500C01529 /* BackupDetection.swift */; };
		648D948622CD231500C01529 /* CloudKitSynchronizer+Sharing.swift in Sources */ = {isa = PBXBuildFile; fileRef = 648D947922CD231500C01529 /* CloudKitSynchronizer+Sharing.swift */; };
		648D948722CD231500C01529 /* SyncedEntityState.swift in Sources */ = {isa = PBXBuildFile; fileRef = 648D947A22CD231500C01529 /* SyncedEntityState.swift */; };
		648D948822CD231500C01529 /* CloudKitSynchronizer.swift in Sources */ = {isa = PBXBuildFile; fileRef = 648D947B22CD231500C01529 /* CloudKitSynchronizer.swift */; };
		648D948C22CD231B00C01529 /* CloudKitSynchronizerOperation.swift in Sources */ = {isa = PBXBuildFile; fileRef = 648D948922CD231B00C01529 /* CloudKitSynchronizerOperation.swift */; };
		648D948D22CD231B00C01529 /* FetchZoneChangesOperation.swift in Sources */ = {isa = PBXBuildFile; fileRef = 648D948A22CD231B00C01529 /* FetchZoneChangesOperation.swift */; };
		648D948E22CD231B00C01529 /* FetchDatabaseChangesOperation.swift in Sources */ = {isa = PBXBuildFile; fileRef = 648D948B22CD231B00C01529 /* FetchDatabaseChangesOperation.swift */; };
		6492366522C66D790074A142 /* Record.swift in Sources */ = {isa = PBXBuildFile; fileRef = 6492366422C66D790074A142 /* Record.swift */; };
		6492366822C66DC40074A142 /* ServerToken.swift in Sources */ = {isa = PBXBuildFile; fileRef = 6492366622C66DC40074A142 /* ServerToken.swift */; };
		6492366922C66DC40074A142 /* SyncedEntity.swift in Sources */ = {isa = PBXBuildFile; fileRef = 6492366722C66DC40074A142 /* SyncedEntity.swift */; };
		6492366B22C66E570074A142 /* PendingRelationship.swift in Sources */ = {isa = PBXBuildFile; fileRef = 6492366A22C66E570074A142 /* PendingRelationship.swift */; };
		6492366D22C66E960074A142 /* RealmAdapter.swift in Sources */ = {isa = PBXBuildFile; fileRef = 6492366C22C66E960074A142 /* RealmAdapter.swift */; };
		6492367122C67CA90074A142 /* DefaultRealmProvider.swift in Sources */ = {isa = PBXBuildFile; fileRef = 6492367022C67CA90074A142 /* DefaultRealmProvider.swift */; };
		6492367322C67DD40074A142 /* DefaultRealmSwiftAdapterProvider.swift in Sources */ = {isa = PBXBuildFile; fileRef = 6492367222C67DD40074A142 /* DefaultRealmSwiftAdapterProvider.swift */; };
		6492367522C67E7D0074A142 /* MultiRealmResultsController.swift in Sources */ = {isa = PBXBuildFile; fileRef = 6492367422C67E7D0074A142 /* MultiRealmResultsController.swift */; };
		6492367922C67F650074A142 /* CloudKitSynchronizer+MultiRealmResultsController.swift in Sources */ = {isa = PBXBuildFile; fileRef = 6492367822C67F650074A142 /* CloudKitSynchronizer+MultiRealmResultsController.swift */; };
		6492367B22C67F8A0074A142 /* CloudKitSynchronizer+Realm.swift in Sources */ = {isa = PBXBuildFile; fileRef = 6492367A22C67F8A0074A142 /* CloudKitSynchronizer+Realm.swift */; };
		6492369222C6941B0074A142 /* RLMSupport.swift in Sources */ = {isa = PBXBuildFile; fileRef = 6492369122C6941B0074A142 /* RLMSupport.swift */; };
		64F46EA0253F431800A73D81 /* Cartfile in Resources */ = {isa = PBXBuildFile; fileRef = 64F46E9F253F431800A73D81 /* Cartfile */; };
		64FC831825402E9300143BE2 /* Realm.framework in Frameworks */ = {isa = PBXBuildFile; fileRef = 64FC831725402E9300143BE2 /* Realm.framework */; platformFilter = ios; };
/* End PBXBuildFile section */

/* Begin PBXFileReference section */
		640C330822A2F15100A85508 /* SyncKitRealmiOS.framework */ = {isa = PBXFileReference; explicitFileType = wrapper.framework; includeInIndex = 0; path = SyncKitRealmiOS.framework; sourceTree = BUILT_PRODUCTS_DIR; };
		640C330B22A2F15100A85508 /* SyncKit.h */ = {isa = PBXFileReference; lastKnownFileType = sourcecode.c.h; path = SyncKit.h; sourceTree = "<group>"; };
		640C330C22A2F15100A85508 /* Info.plist */ = {isa = PBXFileReference; lastKnownFileType = text.plist.xml; path = Info.plist; sourceTree = "<group>"; };
		6435A45A251C8A3200A6167A /* ModifyRecordsOperation.swift */ = {isa = PBXFileReference; fileEncoding = 4; lastKnownFileType = sourcecode.swift; name = ModifyRecordsOperation.swift; path = ../../../../../SyncKit/Classes/QSSynchronizer/Operations/ModifyRecordsOperation.swift; sourceTree = "<group>"; };
		648D946F22CD231400C01529 /* CloudKitDatabase.swift */ = {isa = PBXFileReference; fileEncoding = 4; lastKnownFileType = sourcecode.swift; name = CloudKitDatabase.swift; path = ../../../../../SyncKit/Classes/QSSynchronizer/CloudKitDatabase.swift; sourceTree = "<group>"; };
		648D947022CD231400C01529 /* ModelAdapter.swift */ = {isa = PBXFileReference; fileEncoding = 4; lastKnownFileType = sourcecode.swift; name = ModelAdapter.swift; path = ../../../../../SyncKit/Classes/QSSynchronizer/ModelAdapter.swift; sourceTree = "<group>"; };
		648D947122CD231400C01529 /* CloudKitSynchronizer+Sync.swift */ = {isa = PBXFileReference; fileEncoding = 4; lastKnownFileType = sourcecode.swift; name = "CloudKitSynchronizer+Sync.swift"; path = "../../../../../SyncKit/Classes/QSSynchronizer/CloudKitSynchronizer+Sync.swift"; sourceTree = "<group>"; };
		648D947222CD231500C01529 /* TempFileManager.swift */ = {isa = PBXFileReference; fileEncoding = 4; lastKnownFileType = sourcecode.swift; name = TempFileManager.swift; path = ../../../../../SyncKit/Classes/QSSynchronizer/TempFileManager.swift; sourceTree = "<group>"; };
		648D947322CD231500C01529 /* PrimaryKey.swift */ = {isa = PBXFileReference; fileEncoding = 4; lastKnownFileType = sourcecode.swift; name = PrimaryKey.swift; path = ../../../../../SyncKit/Classes/QSSynchronizer/PrimaryKey.swift; sourceTree = "<group>"; };
		648D947422CD231500C01529 /* CloudKitSynchronizer+Private.swift */ = {isa = PBXFileReference; fileEncoding = 4; lastKnownFileType = sourcecode.swift; name = "CloudKitSynchronizer+Private.swift"; path = "../../../../../SyncKit/Classes/QSSynchronizer/CloudKitSynchronizer+Private.swift"; sourceTree = "<group>"; };
		648D947522CD231500C01529 /* KeyValueStore.swift */ = {isa = PBXFileReference; fileEncoding = 4; lastKnownFileType = sourcecode.swift; name = KeyValueStore.swift; path = ../../../../../SyncKit/Classes/QSSynchronizer/KeyValueStore.swift; sourceTree = "<group>"; };
		648D947622CD231500C01529 /* CloudKitSynchronizer+Subscriptions.swift */ = {isa = PBXFileReference; fileEncoding = 4; lastKnownFileType = sourcecode.swift; name = "CloudKitSynchronizer+Subscriptions.swift"; path = "../../../../../SyncKit/Classes/QSSynchronizer/CloudKitSynchronizer+Subscriptions.swift"; sourceTree = "<group>"; };
		648D947722CD231500C01529 /* QSCoder.swift */ = {isa = PBXFileReference; fileEncoding = 4; lastKnownFileType = sourcecode.swift; name = QSCoder.swift; path = ../../../../../SyncKit/Classes/QSSynchronizer/QSCoder.swift; sourceTree = "<group>"; };
		648D947822CD231500C01529 /* BackupDetection.swift */ = {isa = PBXFileReference; fileEncoding = 4; lastKnownFileType = sourcecode.swift; name = BackupDetection.swift; path = ../../../../../SyncKit/Classes/QSSynchronizer/BackupDetection.swift; sourceTree = "<group>"; };
		648D947922CD231500C01529 /* CloudKitSynchronizer+Sharing.swift */ = {isa = PBXFileReference; fileEncoding = 4; lastKnownFileType = sourcecode.swift; name = "CloudKitSynchronizer+Sharing.swift"; path = "../../../../../SyncKit/Classes/QSSynchronizer/CloudKitSynchronizer+Sharing.swift"; sourceTree = "<group>"; };
		648D947A22CD231500C01529 /* SyncedEntityState.swift */ = {isa = PBXFileReference; fileEncoding = 4; lastKnownFileType = sourcecode.swift; name = SyncedEntityState.swift; path = ../../../../../SyncKit/Classes/QSSynchronizer/SyncedEntityState.swift; sourceTree = "<group>"; };
		648D947B22CD231500C01529 /* CloudKitSynchronizer.swift */ = {isa = PBXFileReference; fileEncoding = 4; lastKnownFileType = sourcecode.swift; name = CloudKitSynchronizer.swift; path = ../../../../../SyncKit/Classes/QSSynchronizer/CloudKitSynchronizer.swift; sourceTree = "<group>"; };
		648D948922CD231B00C01529 /* CloudKitSynchronizerOperation.swift */ = {isa = PBXFileReference; fileEncoding = 4; lastKnownFileType = sourcecode.swift; name = CloudKitSynchronizerOperation.swift; path = ../../../../../SyncKit/Classes/QSSynchronizer/Operations/CloudKitSynchronizerOperation.swift; sourceTree = "<group>"; };
		648D948A22CD231B00C01529 /* FetchZoneChangesOperation.swift */ = {isa = PBXFileReference; fileEncoding = 4; lastKnownFileType = sourcecode.swift; name = FetchZoneChangesOperation.swift; path = ../../../../../SyncKit/Classes/QSSynchronizer/Operations/FetchZoneChangesOperation.swift; sourceTree = "<group>"; };
		648D948B22CD231B00C01529 /* FetchDatabaseChangesOperation.swift */ = {isa = PBXFileReference; fileEncoding = 4; lastKnownFileType = sourcecode.swift; name = FetchDatabaseChangesOperation.swift; path = ../../../../../SyncKit/Classes/QSSynchronizer/Operations/FetchDatabaseChangesOperation.swift; sourceTree = "<group>"; };
		6492366422C66D790074A142 /* Record.swift */ = {isa = PBXFileReference; fileEncoding = 4; lastKnownFileType = sourcecode.swift; name = Record.swift; path = ../../../../../SyncKit/Classes/Realm/Record.swift; sourceTree = "<group>"; };
		6492366622C66DC40074A142 /* ServerToken.swift */ = {isa = PBXFileReference; fileEncoding = 4; lastKnownFileType = sourcecode.swift; name = ServerToken.swift; path = ../../../../../SyncKit/Classes/Realm/ServerToken.swift; sourceTree = "<group>"; };
		6492366722C66DC40074A142 /* SyncedEntity.swift */ = {isa = PBXFileReference; fileEncoding = 4; lastKnownFileType = sourcecode.swift; name = SyncedEntity.swift; path = ../../../../../SyncKit/Classes/Realm/SyncedEntity.swift; sourceTree = "<group>"; };
		6492366A22C66E570074A142 /* PendingRelationship.swift */ = {isa = PBXFileReference; fileEncoding = 4; lastKnownFileType = sourcecode.swift; name = PendingRelationship.swift; path = ../../../../../SyncKit/Classes/Realm/PendingRelationship.swift; sourceTree = "<group>"; };
		6492366C22C66E960074A142 /* RealmAdapter.swift */ = {isa = PBXFileReference; fileEncoding = 4; lastKnownFileType = sourcecode.swift; name = RealmAdapter.swift; path = ../../../../../SyncKit/Classes/Realm/RealmAdapter.swift; sourceTree = "<group>"; };
		6492367022C67CA90074A142 /* DefaultRealmProvider.swift */ = {isa = PBXFileReference; fileEncoding = 4; lastKnownFileType = sourcecode.swift; name = DefaultRealmProvider.swift; path = ../../../../../SyncKit/Classes/Realm/DefaultRealmProvider.swift; sourceTree = "<group>"; };
		6492367222C67DD40074A142 /* DefaultRealmSwiftAdapterProvider.swift */ = {isa = PBXFileReference; fileEncoding = 4; lastKnownFileType = sourcecode.swift; name = DefaultRealmSwiftAdapterProvider.swift; path = ../../../../../SyncKit/Classes/Realm/DefaultRealmSwiftAdapterProvider.swift; sourceTree = "<group>"; };
		6492367422C67E7D0074A142 /* MultiRealmResultsController.swift */ = {isa = PBXFileReference; fileEncoding = 4; lastKnownFileType = sourcecode.swift; name = MultiRealmResultsController.swift; path = ../../../../../SyncKit/Classes/Realm/MultiRealmResultsController.swift; sourceTree = "<group>"; };
		6492367822C67F650074A142 /* CloudKitSynchronizer+MultiRealmResultsController.swift */ = {isa = PBXFileReference; fileEncoding = 4; lastKnownFileType = sourcecode.swift; name = "CloudKitSynchronizer+MultiRealmResultsController.swift"; path = "../../../../../SyncKit/Classes/Realm/CloudKitSynchronizer+MultiRealmResultsController.swift"; sourceTree = "<group>"; };
		6492367A22C67F8A0074A142 /* CloudKitSynchronizer+Realm.swift */ = {isa = PBXFileReference; fileEncoding = 4; lastKnownFileType = sourcecode.swift; name = "CloudKitSynchronizer+Realm.swift"; path = "../../../../../SyncKit/Classes/Realm/CloudKitSynchronizer+Realm.swift"; sourceTree = "<group>"; };
		6492369122C6941B0074A142 /* RLMSupport.swift */ = {isa = PBXFileReference; fileEncoding = 4; lastKnownFileType = sourcecode.swift; name = RLMSupport.swift; path = ../../../../../SyncKit/Classes/Realm/RLMSupport.swift; sourceTree = "<group>"; };
		64F46E9F253F431800A73D81 /* Cartfile */ = {isa = PBXFileReference; fileEncoding = 4; lastKnownFileType = text; path = Cartfile; sourceTree = "<group>"; };
		64F46EA3253F435300A73D81 /* Realm.framework */ = {isa = PBXFileReference; lastKnownFileType = wrapper.framework; name = Realm.framework; path = SyncKit/Carthage/Build/iOS/Realm.framework; sourceTree = "<group>"; };
		64FC831725402E9300143BE2 /* Realm.framework */ = {isa = PBXFileReference; lastKnownFileType = wrapper.framework; name = Realm.framework; path = ../../../Carthage/Build/iOS/Realm.framework; sourceTree = "<group>"; };
/* End PBXFileReference section */

/* Begin PBXFrameworksBuildPhase section */
		640C330522A2F15100A85508 /* Frameworks */ = {
			isa = PBXFrameworksBuildPhase;
			buildActionMask = 2147483647;
			files = (
				64FC831825402E9300143BE2 /* Realm.framework in Frameworks */,
			);
			runOnlyForDeploymentPostprocessing = 0;
		};
/* End PBXFrameworksBuildPhase section */

/* Begin PBXGroup section */
		640C32FE22A2F15100A85508 = {
			isa = PBXGroup;
			children = (
				640C330A22A2F15100A85508 /* SyncKit */,
				640C330922A2F15100A85508 /* Products */,
				64F46EA2253F435300A73D81 /* Frameworks */,
			);
			sourceTree = "<group>";
		};
		640C330922A2F15100A85508 /* Products */ = {
			isa = PBXGroup;
			children = (
				640C330822A2F15100A85508 /* SyncKitRealmiOS.framework */,
			);
			name = Products;
			sourceTree = "<group>";
		};
		640C330A22A2F15100A85508 /* SyncKit */ = {
			isa = PBXGroup;
			children = (
				648D946E22CD230700C01529 /* Core */,
				6492365F22C66D100074A142 /* Realm */,
				640C330B22A2F15100A85508 /* SyncKit.h */,
				640C330C22A2F15100A85508 /* Info.plist */,
				64F46E9F253F431800A73D81 /* Cartfile */,
			);
			path = SyncKit;
			sourceTree = "<group>";
		};
		648D946E22CD230700C01529 /* Core */ = {
			isa = PBXGroup;
			children = (
				648D948922CD231B00C01529 /* CloudKitSynchronizerOperation.swift */,
				648D948B22CD231B00C01529 /* FetchDatabaseChangesOperation.swift */,
				648D948A22CD231B00C01529 /* FetchZoneChangesOperation.swift */,
				648D947822CD231500C01529 /* BackupDetection.swift */,
				648D946F22CD231400C01529 /* CloudKitDatabase.swift */,
				648D947B22CD231500C01529 /* CloudKitSynchronizer.swift */,
				648D947422CD231500C01529 /* CloudKitSynchronizer+Private.swift */,
				648D947922CD231500C01529 /* CloudKitSynchronizer+Sharing.swift */,
				648D947622CD231500C01529 /* CloudKitSynchronizer+Subscriptions.swift */,
				648D947122CD231400C01529 /* CloudKitSynchronizer+Sync.swift */,
				648D947522CD231500C01529 /* KeyValueStore.swift */,
				648D947022CD231400C01529 /* ModelAdapter.swift */,
				648D947322CD231500C01529 /* PrimaryKey.swift */,
				648D947722CD231500C01529 /* QSCoder.swift */,
				648D947A22CD231500C01529 /* SyncedEntityState.swift */,
				648D947222CD231500C01529 /* TempFileManager.swift */,
				6435A45A251C8A3200A6167A /* ModifyRecordsOperation.swift */,
			);
			path = Core;
			sourceTree = "<group>";
		};
		6492365F22C66D100074A142 /* Realm */ = {
			isa = PBXGroup;
			children = (
				6492369122C6941B0074A142 /* RLMSupport.swift */,
				6492366A22C66E570074A142 /* PendingRelationship.swift */,
				6492366622C66DC40074A142 /* ServerToken.swift */,
				6492366722C66DC40074A142 /* SyncedEntity.swift */,
				6492366422C66D790074A142 /* Record.swift */,
				6492366C22C66E960074A142 /* RealmAdapter.swift */,
				6492367022C67CA90074A142 /* DefaultRealmProvider.swift */,
				6492367222C67DD40074A142 /* DefaultRealmSwiftAdapterProvider.swift */,
				6492367422C67E7D0074A142 /* MultiRealmResultsController.swift */,
				6492367822C67F650074A142 /* CloudKitSynchronizer+MultiRealmResultsController.swift */,
				6492367A22C67F8A0074A142 /* CloudKitSynchronizer+Realm.swift */,
			);
			path = Realm;
			sourceTree = "<group>";
		};
		64F46EA2253F435300A73D81 /* Frameworks */ = {
			isa = PBXGroup;
			children = (
				64FC831725402E9300143BE2 /* Realm.framework */,
				64F46EA3253F435300A73D81 /* Realm.framework */,
			);
			name = Frameworks;
			sourceTree = "<group>";
		};
/* End PBXGroup section */

/* Begin PBXHeadersBuildPhase section */
		640C330322A2F15100A85508 /* Headers */ = {
			isa = PBXHeadersBuildPhase;
			buildActionMask = 2147483647;
			files = (
				640C330D22A2F15100A85508 /* SyncKit.h in Headers */,
			);
			runOnlyForDeploymentPostprocessing = 0;
		};
/* End PBXHeadersBuildPhase section */

/* Begin PBXNativeTarget section */
		640C330722A2F15100A85508 /* SyncKitRealmiOS */ = {
			isa = PBXNativeTarget;
			buildConfigurationList = 640C331022A2F15100A85508 /* Build configuration list for PBXNativeTarget "SyncKitRealmiOS" */;
			buildPhases = (
				640C330322A2F15100A85508 /* Headers */,
				640C330422A2F15100A85508 /* Sources */,
				640C330522A2F15100A85508 /* Frameworks */,
				640C330622A2F15100A85508 /* Resources */,
			);
			buildRules = (
			);
			dependencies = (
			);
			name = SyncKitRealmiOS;
			productName = SyncKit;
			productReference = 640C330822A2F15100A85508 /* SyncKitRealmiOS.framework */;
			productType = "com.apple.product-type.framework";
		};
/* End PBXNativeTarget section */

/* Begin PBXProject section */
		640C32FF22A2F15100A85508 /* Project object */ = {
			isa = PBXProject;
			attributes = {
				LastUpgradeCheck = 1020;
				ORGANIZATIONNAME = "Manuel Entrena";
				TargetAttributes = {
					640C330722A2F15100A85508 = {
						CreatedOnToolsVersion = 10.2;
						LastSwiftMigration = 1020;
					};
				};
			};
			buildConfigurationList = 640C330222A2F15100A85508 /* Build configuration list for PBXProject "SyncKitRealmiOS" */;
			compatibilityVersion = "Xcode 9.3";
			developmentRegion = en;
			hasScannedForEncodings = 0;
			knownRegions = (
				en,
			);
			mainGroup = 640C32FE22A2F15100A85508;
			productRefGroup = 640C330922A2F15100A85508 /* Products */;
			projectDirPath = "";
			projectRoot = "";
			targets = (
				640C330722A2F15100A85508 /* SyncKitRealmiOS */,
			);
		};
/* End PBXProject section */

/* Begin PBXResourcesBuildPhase section */
		640C330622A2F15100A85508 /* Resources */ = {
			isa = PBXResourcesBuildPhase;
			buildActionMask = 2147483647;
			files = (
				64F46EA0253F431800A73D81 /* Cartfile in Resources */,
			);
			runOnlyForDeploymentPostprocessing = 0;
		};
/* End PBXResourcesBuildPhase section */

/* Begin PBXSourcesBuildPhase section */
		640C330422A2F15100A85508 /* Sources */ = {
			isa = PBXSourcesBuildPhase;
			buildActionMask = 2147483647;
			files = (
				648D948E22CD231B00C01529 /* FetchDatabaseChangesOperation.swift in Sources */,
				648D948122CD231500C01529 /* CloudKitSynchronizer+Private.swift in Sources */,
				6435A45B251C8A3200A6167A /* ModifyRecordsOperation.swift in Sources */,
				6492367322C67DD40074A142 /* DefaultRealmSwiftAdapterProvider.swift in Sources */,
				648D948D22CD231B00C01529 /* FetchZoneChangesOperation.swift in Sources */,
				6492369222C6941B0074A142 /* RLMSupport.swift in Sources */,
				6492367522C67E7D0074A142 /* MultiRealmResultsController.swift in Sources */,
				6492367122C67CA90074A142 /* DefaultRealmProvider.swift in Sources */,
				6492367922C67F650074A142 /* CloudKitSynchronizer+MultiRealmResultsController.swift in Sources */,
				6492366522C66D790074A142 /* Record.swift in Sources */,
				6492367B22C67F8A0074A142 /* CloudKitSynchronizer+Realm.swift in Sources */,
				648D948322CD231500C01529 /* CloudKitSynchronizer+Subscriptions.swift in Sources */,
				648D948722CD231500C01529 /* SyncedEntityState.swift in Sources */,
				648D948622CD231500C01529 /* CloudKitSynchronizer+Sharing.swift in Sources */,
				6492366B22C66E570074A142 /* PendingRelationship.swift in Sources */,
				648D948522CD231500C01529 /* BackupDetection.swift in Sources */,
				648D948022CD231500C01529 /* PrimaryKey.swift in Sources */,
				6492366922C66DC40074A142 /* SyncedEntity.swift in Sources */,
				648D947F22CD231500C01529 /* TempFileManager.swift in Sources */,
				648D947C22CD231500C01529 /* CloudKitDatabase.swift in Sources */,
				648D947D22CD231500C01529 /* ModelAdapter.swift in Sources */,
				648D948822CD231500C01529 /* CloudKitSynchronizer.swift in Sources */,
				648D947E22CD231500C01529 /* CloudKitSynchronizer+Sync.swift in Sources */,
				648D948C22CD231B00C01529 /* CloudKitSynchronizerOperation.swift in Sources */,
				6492366822C66DC40074A142 /* ServerToken.swift in Sources */,
				648D948422CD231500C01529 /* QSCoder.swift in Sources */,
				6492366D22C66E960074A142 /* RealmAdapter.swift in Sources */,
				648D948222CD231500C01529 /* KeyValueStore.swift in Sources */,
			);
			runOnlyForDeploymentPostprocessing = 0;
		};
/* End PBXSourcesBuildPhase section */

/* Begin XCBuildConfiguration section */
		640C330E22A2F15100A85508 /* Debug */ = {
			isa = XCBuildConfiguration;
			buildSettings = {
				ALWAYS_SEARCH_USER_PATHS = NO;
				CLANG_ANALYZER_NONNULL = YES;
				CLANG_ANALYZER_NUMBER_OBJECT_CONVERSION = YES_AGGRESSIVE;
				CLANG_CXX_LANGUAGE_STANDARD = "gnu++14";
				CLANG_CXX_LIBRARY = "libc++";
				CLANG_ENABLE_MODULES = YES;
				CLANG_ENABLE_OBJC_ARC = YES;
				CLANG_ENABLE_OBJC_WEAK = YES;
				CLANG_WARN_BLOCK_CAPTURE_AUTORELEASING = YES;
				CLANG_WARN_BOOL_CONVERSION = YES;
				CLANG_WARN_COMMA = YES;
				CLANG_WARN_CONSTANT_CONVERSION = YES;
				CLANG_WARN_DEPRECATED_OBJC_IMPLEMENTATIONS = YES;
				CLANG_WARN_DIRECT_OBJC_ISA_USAGE = YES_ERROR;
				CLANG_WARN_DOCUMENTATION_COMMENTS = YES;
				CLANG_WARN_EMPTY_BODY = YES;
				CLANG_WARN_ENUM_CONVERSION = YES;
				CLANG_WARN_INFINITE_RECURSION = YES;
				CLANG_WARN_INT_CONVERSION = YES;
				CLANG_WARN_NON_LITERAL_NULL_CONVERSION = YES;
				CLANG_WARN_OBJC_IMPLICIT_RETAIN_SELF = YES;
				CLANG_WARN_OBJC_LITERAL_CONVERSION = YES;
				CLANG_WARN_OBJC_ROOT_CLASS = YES_ERROR;
				CLANG_WARN_RANGE_LOOP_ANALYSIS = YES;
				CLANG_WARN_STRICT_PROTOTYPES = YES;
				CLANG_WARN_SUSPICIOUS_MOVE = YES;
				CLANG_WARN_UNGUARDED_AVAILABILITY = YES_AGGRESSIVE;
				CLANG_WARN_UNREACHABLE_CODE = YES;
				CLANG_WARN__DUPLICATE_METHOD_MATCH = YES;
				CODE_SIGN_IDENTITY = "iPhone Developer";
				COPY_PHASE_STRIP = NO;
				CURRENT_PROJECT_VERSION = 1;
				DEBUG_INFORMATION_FORMAT = dwarf;
				ENABLE_STRICT_OBJC_MSGSEND = YES;
				ENABLE_TESTABILITY = YES;
				GCC_C_LANGUAGE_STANDARD = gnu11;
				GCC_DYNAMIC_NO_PIC = NO;
				GCC_NO_COMMON_BLOCKS = YES;
				GCC_OPTIMIZATION_LEVEL = 0;
				GCC_PREPROCESSOR_DEFINITIONS = (
					"DEBUG=1",
					"$(inherited)",
				);
				GCC_WARN_64_TO_32_BIT_CONVERSION = YES;
				GCC_WARN_ABOUT_RETURN_TYPE = YES_ERROR;
				GCC_WARN_UNDECLARED_SELECTOR = YES;
				GCC_WARN_UNINITIALIZED_AUTOS = YES_AGGRESSIVE;
				GCC_WARN_UNUSED_FUNCTION = YES;
				GCC_WARN_UNUSED_VARIABLE = YES;
				IPHONEOS_DEPLOYMENT_TARGET = 12.2;
				MTL_ENABLE_DEBUG_INFO = INCLUDE_SOURCE;
				MTL_FAST_MATH = YES;
				ONLY_ACTIVE_ARCH = YES;
				SDKROOT = iphoneos;
				SWIFT_ACTIVE_COMPILATION_CONDITIONS = DEBUG;
				SWIFT_OPTIMIZATION_LEVEL = "-Onone";
				VERSIONING_SYSTEM = "apple-generic";
				VERSION_INFO_PREFIX = "";
			};
			name = Debug;
		};
		640C330F22A2F15100A85508 /* Release */ = {
			isa = XCBuildConfiguration;
			buildSettings = {
				ALWAYS_SEARCH_USER_PATHS = NO;
				CLANG_ANALYZER_NONNULL = YES;
				CLANG_ANALYZER_NUMBER_OBJECT_CONVERSION = YES_AGGRESSIVE;
				CLANG_CXX_LANGUAGE_STANDARD = "gnu++14";
				CLANG_CXX_LIBRARY = "libc++";
				CLANG_ENABLE_MODULES = YES;
				CLANG_ENABLE_OBJC_ARC = YES;
				CLANG_ENABLE_OBJC_WEAK = YES;
				CLANG_WARN_BLOCK_CAPTURE_AUTORELEASING = YES;
				CLANG_WARN_BOOL_CONVERSION = YES;
				CLANG_WARN_COMMA = YES;
				CLANG_WARN_CONSTANT_CONVERSION = YES;
				CLANG_WARN_DEPRECATED_OBJC_IMPLEMENTATIONS = YES;
				CLANG_WARN_DIRECT_OBJC_ISA_USAGE = YES_ERROR;
				CLANG_WARN_DOCUMENTATION_COMMENTS = YES;
				CLANG_WARN_EMPTY_BODY = YES;
				CLANG_WARN_ENUM_CONVERSION = YES;
				CLANG_WARN_INFINITE_RECURSION = YES;
				CLANG_WARN_INT_CONVERSION = YES;
				CLANG_WARN_NON_LITERAL_NULL_CONVERSION = YES;
				CLANG_WARN_OBJC_IMPLICIT_RETAIN_SELF = YES;
				CLANG_WARN_OBJC_LITERAL_CONVERSION = YES;
				CLANG_WARN_OBJC_ROOT_CLASS = YES_ERROR;
				CLANG_WARN_RANGE_LOOP_ANALYSIS = YES;
				CLANG_WARN_STRICT_PROTOTYPES = YES;
				CLANG_WARN_SUSPICIOUS_MOVE = YES;
				CLANG_WARN_UNGUARDED_AVAILABILITY = YES_AGGRESSIVE;
				CLANG_WARN_UNREACHABLE_CODE = YES;
				CLANG_WARN__DUPLICATE_METHOD_MATCH = YES;
				CODE_SIGN_IDENTITY = "iPhone Developer";
				COPY_PHASE_STRIP = NO;
				CURRENT_PROJECT_VERSION = 1;
				DEBUG_INFORMATION_FORMAT = "dwarf-with-dsym";
				ENABLE_NS_ASSERTIONS = NO;
				ENABLE_STRICT_OBJC_MSGSEND = YES;
				GCC_C_LANGUAGE_STANDARD = gnu11;
				GCC_NO_COMMON_BLOCKS = YES;
				GCC_WARN_64_TO_32_BIT_CONVERSION = YES;
				GCC_WARN_ABOUT_RETURN_TYPE = YES_ERROR;
				GCC_WARN_UNDECLARED_SELECTOR = YES;
				GCC_WARN_UNINITIALIZED_AUTOS = YES_AGGRESSIVE;
				GCC_WARN_UNUSED_FUNCTION = YES;
				GCC_WARN_UNUSED_VARIABLE = YES;
				IPHONEOS_DEPLOYMENT_TARGET = 12.2;
				MTL_ENABLE_DEBUG_INFO = NO;
				MTL_FAST_MATH = YES;
				SDKROOT = iphoneos;
				SWIFT_COMPILATION_MODE = wholemodule;
				SWIFT_OPTIMIZATION_LEVEL = "-O";
				VALIDATE_PRODUCT = YES;
				VERSIONING_SYSTEM = "apple-generic";
				VERSION_INFO_PREFIX = "";
			};
			name = Release;
		};
		640C331122A2F15100A85508 /* Debug */ = {
			isa = XCBuildConfiguration;
			buildSettings = {
				CLANG_ENABLE_MODULES = YES;
				CODE_SIGN_IDENTITY = "";
				CODE_SIGN_STYLE = Automatic;
				DEFINES_MODULE = YES;
				DEVELOPMENT_TEAM = WDDCKVU5HV;
				DYLIB_COMPATIBILITY_VERSION = 1;
				DYLIB_CURRENT_VERSION = 1;
				DYLIB_INSTALL_NAME_BASE = "@rpath";
				FRAMEWORK_SEARCH_PATHS = (
					"$(inherited)",
					"$(PROJECT_DIR)/SyncKit",
					"$(PROJECT_DIR)/../../../Carthage/Build/iOS",
				);
				INFOPLIST_FILE = SyncKit/Info.plist;
				INSTALL_PATH = "$(LOCAL_LIBRARY_DIR)/Frameworks";
				IPHONEOS_DEPLOYMENT_TARGET = 10.0;
				LD_RUNPATH_SEARCH_PATHS = (
					"$(inherited)",
					"@executable_path/Frameworks",
					"@loader_path/Frameworks",
				);
				PRODUCT_BUNDLE_IDENTIFIER = com.mentrena.SyncKitRealmiOS;
				PRODUCT_NAME = "$(TARGET_NAME:c99extidentifier)";
				SKIP_INSTALL = YES;
				SUPPORTS_MACCATALYST = NO;
				SWIFT_OPTIMIZATION_LEVEL = "-Onone";
				SWIFT_VERSION = 5.0;
				TARGETED_DEVICE_FAMILY = "1,2";
			};
			name = Debug;
		};
		640C331222A2F15100A85508 /* Release */ = {
			isa = XCBuildConfiguration;
			buildSettings = {
				CLANG_ENABLE_MODULES = YES;
				CODE_SIGN_IDENTITY = "";
				CODE_SIGN_STYLE = Automatic;
				DEFINES_MODULE = YES;
				DEVELOPMENT_TEAM = WDDCKVU5HV;
				DYLIB_COMPATIBILITY_VERSION = 1;
				DYLIB_CURRENT_VERSION = 1;
				DYLIB_INSTALL_NAME_BASE = "@rpath";
				FRAMEWORK_SEARCH_PATHS = (
					"$(inherited)",
					"$(PROJECT_DIR)/SyncKit",
					"$(PROJECT_DIR)/../../../Carthage/Build/iOS",
				);
				INFOPLIST_FILE = SyncKit/Info.plist;
				INSTALL_PATH = "$(LOCAL_LIBRARY_DIR)/Frameworks";
				IPHONEOS_DEPLOYMENT_TARGET = 10.0;
				LD_RUNPATH_SEARCH_PATHS = (
					"$(inherited)",
					"@executable_path/Frameworks",
					"@loader_path/Frameworks",
				);
				PRODUCT_BUNDLE_IDENTIFIER = com.mentrena.SyncKitRealmiOS;
				PRODUCT_NAME = "$(TARGET_NAME:c99extidentifier)";
				SKIP_INSTALL = YES;
				SUPPORTS_MACCATALYST = NO;
				SWIFT_VERSION = 5.0;
				TARGETED_DEVICE_FAMILY = "1,2";
			};
			name = Release;
		};
/* End XCBuildConfiguration section */

/* Begin XCConfigurationList section */
		640C330222A2F15100A85508 /* Build configuration list for PBXProject "SyncKitRealmiOS" */ = {
			isa = XCConfigurationList;
			buildConfigurations = (
				640C330E22A2F15100A85508 /* Debug */,
				640C330F22A2F15100A85508 /* Release */,
			);
			defaultConfigurationIsVisible = 0;
			defaultConfigurationName = Release;
		};
		640C331022A2F15100A85508 /* Build configuration list for PBXNativeTarget "SyncKitRealmiOS" */ = {
			isa = XCConfigurationList;
			buildConfigurations = (
				640C331122A2F15100A85508 /* Debug */,
				640C331222A2F15100A85508 /* Release */,
			);
			defaultConfigurationIsVisible = 0;
			defaultConfigurationName = Release;
		};
/* End XCConfigurationList section */
	};
	rootObject = 640C32FF22A2F15100A85508 /* Project object */;
}
